
Microsoft Visual Studio Solution File, Format Version 12.00
# Visual Studio Version 17
VisualStudioVersion = 17.5.002.0
MinimumVisualStudioVersion = 10.0.40219.1
Project("{9A19103F-16F7-4668-BE54-9A1E7A4F7556}") = "MyApp", "MyApp\MyApp.csproj", "{A843986E-4806-46A7-99BE-F5DC47B94F0C}"
EndProject
Project("{9A19103F-16F7-4668-BE54-9A1E7A4F7556}") = "Thi", "ThiGK\Thi.csproj", "{C5A2AC6B-FDF4-4B09-8459-AA238A6385AB}"
EndProject
Project("{2150E333-8FDC-42A3-9474-1A3956D46DE8}") = "C1", "C1", "{10C503EA-71E8-4AB1-B7A0-6B953418C2D8}"
EndProject
Project("{9A19103F-16F7-4668-BE54-9A1E7A4F7556}") = "C1B1", "C1\BTCN1\C1B1.csproj", "{855E0538-9495-4E21-83C4-B5D73D967645}"
EndProject
Project("{9A19103F-16F7-4668-BE54-9A1E7A4F7556}") = "C1B2", "C1\BTCN2\C1B2.csproj", "{1B046525-CA4E-4B09-8196-11FBEAD56645}"
EndProject
Project("{9A19103F-16F7-4668-BE54-9A1E7A4F7556}") = "C1B3", "C1\BTCN3\C1B3.csproj", "{E7D0C8BB-430B-40C7-A6CE-3051C57AD51A}"
EndProject
Project("{9A19103F-16F7-4668-BE54-9A1E7A4F7556}") = "C1B4", "C1\BTCN4\C1B4.csproj", "{34D5F800-9080-4649-B34E-C7DFCAEBAD58}"
EndProject
Project("{9A19103F-16F7-4668-BE54-9A1E7A4F7556}") = "BTLop1", "C1\BTLop1\BTLop1.csproj", "{61F0E3F4-EC49-48DA-BA35-6D14BE7EAA31}"
EndProject
Project("{9A19103F-16F7-4668-BE54-9A1E7A4F7556}") = "BTLop2", "C1\BTLop2\BTLop2.csproj", "{774EB461-1B66-45D2-86DC-58EAA7CE6E0D}"
EndProject
Project("{9A19103F-16F7-4668-BE54-9A1E7A4F7556}") = "BTLop3", "C1\BTLop3\BTLop3.csproj", "{973B20D6-862E-4747-8904-1E286FC62C8F}"
EndProject
Project("{9A19103F-16F7-4668-BE54-9A1E7A4F7556}") = "BTLop4", "C1\BTLop4\BTLop4.csproj", "{AC74CE03-372A-446B-8CBF-F1C8F3F1C394}"
EndProject
Project("{9A19103F-16F7-4668-BE54-9A1E7A4F7556}") = "BTLop5", "C1\BTLop5\BTLop5.csproj", "{B911EC20-BFDD-4283-8C31-3039A460894F}"
EndProject
Project("{9A19103F-16F7-4668-BE54-9A1E7A4F7556}") = "BTLop6", "C1\BTLop6\BTLop6.csproj", "{7A21898C-0268-4D4C-8DC3-1EDA7F4479E0}"
EndProject
Project("{9A19103F-16F7-4668-BE54-9A1E7A4F7556}") = "timhieu", "C1\BTSlide\timhieu.csproj", "{88A49216-8676-4767-AAB3-4428BB926443}"
EndProject
Project("{2150E333-8FDC-42A3-9474-1A3956D46DE8}") = "C3", "C3", "{82565738-8D56-48ED-BD4E-DD4CED9CCB70}"
EndProject
Project("{9A19103F-16F7-4668-BE54-9A1E7A4F7556}") = "BTLop1", "C3\BTLop1\BTLop1.csproj", "{F3910D3E-1EEF-4BB7-ACCF-9A7779B343E2}"
EndProject
Project("{9A19103F-16F7-4668-BE54-9A1E7A4F7556}") = "KT1", "C3\BTSlide1\KT1.csproj", "{BAA8153F-30CA-45C4-9CC9-87E8DD677C81}"
EndProject
Project("{9A19103F-16F7-4668-BE54-9A1E7A4F7556}") = "BTSlide2", "C3\BTSlide2\BTSlide2.csproj", "{745B7B38-38C8-4E15-B19F-904F53373BFD}"
EndProject
Project("{9A19103F-16F7-4668-BE54-9A1E7A4F7556}") = "BTSlide3", "C3\BTSlide3\BTSlide3.csproj", "{6231A583-682B-4985-BAC7-733EAE739084}"
EndProject
Project("{9A19103F-16F7-4668-BE54-9A1E7A4F7556}") = "BTSlide4", "C3\BTSlide4\BTSlide4.csproj", "{AF2EA922-2F90-4041-80E2-984E20EE8327}"
EndProject
Project("{2150E333-8FDC-42A3-9474-1A3956D46DE8}") = "C4", "C4", "{5441876B-09B5-4470-A0C3-66DA5585A633}"
EndProject
Project("{9A19103F-16F7-4668-BE54-9A1E7A4F7556}") = "BTLop2", "C4\BTLop2\BTLop2.csproj", "{007BC700-5950-42E4-BA55-E1AEA6687D21}"
EndProject
Project("{9A19103F-16F7-4668-BE54-9A1E7A4F7556}") = "BTOT1", "C4\BTOT1\BTOT1.csproj", "{A6314623-8607-4DD0-A1FB-E7976D4587DA}"
EndProject
Project("{9A19103F-16F7-4668-BE54-9A1E7A4F7556}") = "BTSlide1", "C4\BTSlide1\BTSlide1.csproj", "{F6EC8BB5-26B2-431B-AC54-65047DFD445E}"
EndProject
Project("{9A19103F-16F7-4668-BE54-9A1E7A4F7556}") = "BTSlide2", "C4\BTSlide2\BTSlide2.csproj", "{419EDA4D-7F21-4984-9976-91761EDA1C96}"
EndProject
Project("{9A19103F-16F7-4668-BE54-9A1E7A4F7556}") = "BTSlide3", "C4\BTSlide3\BTSlide3.csproj", "{3BAD61E9-A71E-4CC9-BF04-27C2D7FCE1DE}"
EndProject
Project("{9A19103F-16F7-4668-BE54-9A1E7A4F7556}") = "BTSlide4", "C4\BTSlide4\BTSlide4.csproj", "{70E0CE98-E78B-43C4-AC1F-03A9D83B0360}"
EndProject
Project("{9A19103F-16F7-4668-BE54-9A1E7A4F7556}") = "BTSlide5", "C4\BTSlide5\BTSlide5.csproj", "{92372F72-B87E-43B5-A179-2D9DD1E121CF}"
EndProject
Project("{2150E333-8FDC-42A3-9474-1A3956D46DE8}") = "C5", "C5", "{78CB0ED1-0936-4A79-8995-F158CAD6F0DE}"
EndProject
Project("{9A19103F-16F7-4668-BE54-9A1E7A4F7556}") = "BTSlide1", "C5\BTSlide1\BTSlide1.csproj", "{55CBBBA0-44D7-425D-B649-DDB550EBC36A}"
EndProject
Project("{9A19103F-16F7-4668-BE54-9A1E7A4F7556}") = "BTSlide2", "C5\BTSlide2\BTSlide2.csproj", "{E14DC79D-717E-4F33-A5D6-37156B2F44F0}"
EndProject
Project("{2150E333-8FDC-42A3-9474-1A3956D46DE8}") = "C6", "C6", "{F4EF85B2-4E6B-49C2-8ED1-43B757DFB3DE}"
EndProject
Project("{9A19103F-16F7-4668-BE54-9A1E7A4F7556}") = "BTLop", "C6\BTLop\BTLop.csproj", "{318D2603-4E76-4210-9FF6-C05EF8591560}"
EndProject
Project("{9A19103F-16F7-4668-BE54-9A1E7A4F7556}") = "BTSlide1", "C6\BTSlide1\BTSlide1.csproj", "{89C363B5-A1B3-4006-A1E3-2D4D6888DECD}"
EndProject
Project("{9A19103F-16F7-4668-BE54-9A1E7A4F7556}") = "BTSlide2", "C6\BTSlide2\BTSlide2.csproj", "{724F149C-DBA5-4027-B4BE-EC64758D1D0A}"
EndProject
Project("{9A19103F-16F7-4668-BE54-9A1E7A4F7556}") = "BTSlide3", "C6\BTSlide3\BTSlide3.csproj", "{224C3F78-5460-46D6-A499-F4376C765AA4}"
EndProject
Project("{9A19103F-16F7-4668-BE54-9A1E7A4F7556}") = "BTSlide4", "C6\BTSlide4\BTSlide4.csproj", "{BDBE1F45-D30D-4E74-935A-E3E5C14F33B4}"
EndProject
Project("{2150E333-8FDC-42A3-9474-1A3956D46DE8}") = "OTGK", "OTGK", "{4EF68EDB-32DB-46C6-A797-C2C29BB77038}"
EndProject
Project("{9A19103F-16F7-4668-BE54-9A1E7A4F7556}") = "OTGK1", "OTGK\OTGK_1\OTGK1.csproj", "{958F517C-FE72-4BD5-BBF1-E3E79EF4D4A3}"
EndProject
Project("{9A19103F-16F7-4668-BE54-9A1E7A4F7556}") = "OTGK_2", "OTGK\OTGK_2\OTGK_2.csproj", "{0D219DC9-AE86-49A5-9445-FA770FAE9AA2}"
EndProject
Project("{9A19103F-16F7-4668-BE54-9A1E7A4F7556}") = "OTGK_3", "OTGK\OTGK_3\OTGK_3.csproj", "{938C2FE6-4D39-49E9-9246-0B52B2748FB8}"
EndProject
Global
	GlobalSection(SolutionConfigurationPlatforms) = preSolution
		Debug|Any CPU = Debug|Any CPU
		Release|Any CPU = Release|Any CPU
	EndGlobalSection
	GlobalSection(ProjectConfigurationPlatforms) = postSolution
		{A843986E-4806-46A7-99BE-F5DC47B94F0C}.Debug|Any CPU.ActiveCfg = Debug|Any CPU
		{A843986E-4806-46A7-99BE-F5DC47B94F0C}.Debug|Any CPU.Build.0 = Debug|Any CPU
		{A843986E-4806-46A7-99BE-F5DC47B94F0C}.Release|Any CPU.ActiveCfg = Release|Any CPU
		{A843986E-4806-46A7-99BE-F5DC47B94F0C}.Release|Any CPU.Build.0 = Release|Any CPU
		{C5A2AC6B-FDF4-4B09-8459-AA238A6385AB}.Debug|Any CPU.ActiveCfg = Debug|Any CPU
		{C5A2AC6B-FDF4-4B09-8459-AA238A6385AB}.Debug|Any CPU.Build.0 = Debug|Any CPU
		{C5A2AC6B-FDF4-4B09-8459-AA238A6385AB}.Release|Any CPU.ActiveCfg = Release|Any CPU
		{C5A2AC6B-FDF4-4B09-8459-AA238A6385AB}.Release|Any CPU.Build.0 = Release|Any CPU
		{855E0538-9495-4E21-83C4-B5D73D967645}.Debug|Any CPU.ActiveCfg = Debug|Any CPU
		{855E0538-9495-4E21-83C4-B5D73D967645}.Debug|Any CPU.Build.0 = Debug|Any CPU
		{855E0538-9495-4E21-83C4-B5D73D967645}.Release|Any CPU.ActiveCfg = Release|Any CPU
		{855E0538-9495-4E21-83C4-B5D73D967645}.Release|Any CPU.Build.0 = Release|Any CPU
		{1B046525-CA4E-4B09-8196-11FBEAD56645}.Debug|Any CPU.ActiveCfg = Debug|Any CPU
		{1B046525-CA4E-4B09-8196-11FBEAD56645}.Debug|Any CPU.Build.0 = Debug|Any CPU
		{1B046525-CA4E-4B09-8196-11FBEAD56645}.Release|Any CPU.ActiveCfg = Release|Any CPU
		{1B046525-CA4E-4B09-8196-11FBEAD56645}.Release|Any CPU.Build.0 = Release|Any CPU
		{E7D0C8BB-430B-40C7-A6CE-3051C57AD51A}.Debug|Any CPU.ActiveCfg = Debug|Any CPU
		{E7D0C8BB-430B-40C7-A6CE-3051C57AD51A}.Debug|Any CPU.Build.0 = Debug|Any CPU
		{E7D0C8BB-430B-40C7-A6CE-3051C57AD51A}.Release|Any CPU.ActiveCfg = Release|Any CPU
		{E7D0C8BB-430B-40C7-A6CE-3051C57AD51A}.Release|Any CPU.Build.0 = Release|Any CPU
		{34D5F800-9080-4649-B34E-C7DFCAEBAD58}.Debug|Any CPU.ActiveCfg = Debug|Any CPU
		{34D5F800-9080-4649-B34E-C7DFCAEBAD58}.Debug|Any CPU.Build.0 = Debug|Any CPU
		{34D5F800-9080-4649-B34E-C7DFCAEBAD58}.Release|Any CPU.ActiveCfg = Release|Any CPU
		{34D5F800-9080-4649-B34E-C7DFCAEBAD58}.Release|Any CPU.Build.0 = Release|Any CPU
		{61F0E3F4-EC49-48DA-BA35-6D14BE7EAA31}.Debug|Any CPU.ActiveCfg = Debug|Any CPU
		{61F0E3F4-EC49-48DA-BA35-6D14BE7EAA31}.Debug|Any CPU.Build.0 = Debug|Any CPU
		{61F0E3F4-EC49-48DA-BA35-6D14BE7EAA31}.Release|Any CPU.ActiveCfg = Release|Any CPU
		{61F0E3F4-EC49-48DA-BA35-6D14BE7EAA31}.Release|Any CPU.Build.0 = Release|Any CPU
		{774EB461-1B66-45D2-86DC-58EAA7CE6E0D}.Debug|Any CPU.ActiveCfg = Debug|Any CPU
		{774EB461-1B66-45D2-86DC-58EAA7CE6E0D}.Debug|Any CPU.Build.0 = Debug|Any CPU
		{774EB461-1B66-45D2-86DC-58EAA7CE6E0D}.Release|Any CPU.ActiveCfg = Release|Any CPU
		{774EB461-1B66-45D2-86DC-58EAA7CE6E0D}.Release|Any CPU.Build.0 = Release|Any CPU
		{973B20D6-862E-4747-8904-1E286FC62C8F}.Debug|Any CPU.ActiveCfg = Debug|Any CPU
		{973B20D6-862E-4747-8904-1E286FC62C8F}.Debug|Any CPU.Build.0 = Debug|Any CPU
		{973B20D6-862E-4747-8904-1E286FC62C8F}.Release|Any CPU.ActiveCfg = Release|Any CPU
		{973B20D6-862E-4747-8904-1E286FC62C8F}.Release|Any CPU.Build.0 = Release|Any CPU
		{AC74CE03-372A-446B-8CBF-F1C8F3F1C394}.Debug|Any CPU.ActiveCfg = Debug|Any CPU
		{AC74CE03-372A-446B-8CBF-F1C8F3F1C394}.Debug|Any CPU.Build.0 = Debug|Any CPU
		{AC74CE03-372A-446B-8CBF-F1C8F3F1C394}.Release|Any CPU.ActiveCfg = Release|Any CPU
		{AC74CE03-372A-446B-8CBF-F1C8F3F1C394}.Release|Any CPU.Build.0 = Release|Any CPU
		{B911EC20-BFDD-4283-8C31-3039A460894F}.Debug|Any CPU.ActiveCfg = Debug|Any CPU
		{B911EC20-BFDD-4283-8C31-3039A460894F}.Debug|Any CPU.Build.0 = Debug|Any CPU
		{B911EC20-BFDD-4283-8C31-3039A460894F}.Release|Any CPU.ActiveCfg = Release|Any CPU
		{B911EC20-BFDD-4283-8C31-3039A460894F}.Release|Any CPU.Build.0 = Release|Any CPU
		{7A21898C-0268-4D4C-8DC3-1EDA7F4479E0}.Debug|Any CPU.ActiveCfg = Debug|Any CPU
		{7A21898C-0268-4D4C-8DC3-1EDA7F4479E0}.Debug|Any CPU.Build.0 = Debug|Any CPU
		{7A21898C-0268-4D4C-8DC3-1EDA7F4479E0}.Release|Any CPU.ActiveCfg = Release|Any CPU
		{7A21898C-0268-4D4C-8DC3-1EDA7F4479E0}.Release|Any CPU.Build.0 = Release|Any CPU
		{88A49216-8676-4767-AAB3-4428BB926443}.Debug|Any CPU.ActiveCfg = Debug|Any CPU
		{88A49216-8676-4767-AAB3-4428BB926443}.Debug|Any CPU.Build.0 = Debug|Any CPU
		{88A49216-8676-4767-AAB3-4428BB926443}.Release|Any CPU.ActiveCfg = Release|Any CPU
		{88A49216-8676-4767-AAB3-4428BB926443}.Release|Any CPU.Build.0 = Release|Any CPU
		{F3910D3E-1EEF-4BB7-ACCF-9A7779B343E2}.Debug|Any CPU.ActiveCfg = Debug|Any CPU
		{F3910D3E-1EEF-4BB7-ACCF-9A7779B343E2}.Debug|Any CPU.Build.0 = Debug|Any CPU
		{F3910D3E-1EEF-4BB7-ACCF-9A7779B343E2}.Release|Any CPU.ActiveCfg = Release|Any CPU
		{F3910D3E-1EEF-4BB7-ACCF-9A7779B343E2}.Release|Any CPU.Build.0 = Release|Any CPU
		{BAA8153F-30CA-45C4-9CC9-87E8DD677C81}.Debug|Any CPU.ActiveCfg = Debug|Any CPU
		{BAA8153F-30CA-45C4-9CC9-87E8DD677C81}.Debug|Any CPU.Build.0 = Debug|Any CPU
		{BAA8153F-30CA-45C4-9CC9-87E8DD677C81}.Release|Any CPU.ActiveCfg = Release|Any CPU
		{BAA8153F-30CA-45C4-9CC9-87E8DD677C81}.Release|Any CPU.Build.0 = Release|Any CPU
		{745B7B38-38C8-4E15-B19F-904F53373BFD}.Debug|Any CPU.ActiveCfg = Debug|Any CPU
		{745B7B38-38C8-4E15-B19F-904F53373BFD}.Debug|Any CPU.Build.0 = Debug|Any CPU
		{745B7B38-38C8-4E15-B19F-904F53373BFD}.Release|Any CPU.ActiveCfg = Release|Any CPU
		{745B7B38-38C8-4E15-B19F-904F53373BFD}.Release|Any CPU.Build.0 = Release|Any CPU
		{6231A583-682B-4985-BAC7-733EAE739084}.Debug|Any CPU.ActiveCfg = Debug|Any CPU
		{6231A583-682B-4985-BAC7-733EAE739084}.Debug|Any CPU.Build.0 = Debug|Any CPU
		{6231A583-682B-4985-BAC7-733EAE739084}.Release|Any CPU.ActiveCfg = Release|Any CPU
		{6231A583-682B-4985-BAC7-733EAE739084}.Release|Any CPU.Build.0 = Release|Any CPU
		{AF2EA922-2F90-4041-80E2-984E20EE8327}.Debug|Any CPU.ActiveCfg = Debug|Any CPU
		{AF2EA922-2F90-4041-80E2-984E20EE8327}.Debug|Any CPU.Build.0 = Debug|Any CPU
		{AF2EA922-2F90-4041-80E2-984E20EE8327}.Release|Any CPU.ActiveCfg = Release|Any CPU
		{AF2EA922-2F90-4041-80E2-984E20EE8327}.Release|Any CPU.Build.0 = Release|Any CPU
		{007BC700-5950-42E4-BA55-E1AEA6687D21}.Debug|Any CPU.ActiveCfg = Debug|Any CPU
		{007BC700-5950-42E4-BA55-E1AEA6687D21}.Debug|Any CPU.Build.0 = Debug|Any CPU
		{007BC700-5950-42E4-BA55-E1AEA6687D21}.Release|Any CPU.ActiveCfg = Release|Any CPU
		{007BC700-5950-42E4-BA55-E1AEA6687D21}.Release|Any CPU.Build.0 = Release|Any CPU
		{A6314623-8607-4DD0-A1FB-E7976D4587DA}.Debug|Any CPU.ActiveCfg = Debug|Any CPU
		{A6314623-8607-4DD0-A1FB-E7976D4587DA}.Debug|Any CPU.Build.0 = Debug|Any CPU
		{A6314623-8607-4DD0-A1FB-E7976D4587DA}.Release|Any CPU.ActiveCfg = Release|Any CPU
		{A6314623-8607-4DD0-A1FB-E7976D4587DA}.Release|Any CPU.Build.0 = Release|Any CPU
		{F6EC8BB5-26B2-431B-AC54-65047DFD445E}.Debug|Any CPU.ActiveCfg = Debug|Any CPU
		{F6EC8BB5-26B2-431B-AC54-65047DFD445E}.Debug|Any CPU.Build.0 = Debug|Any CPU
		{F6EC8BB5-26B2-431B-AC54-65047DFD445E}.Release|Any CPU.ActiveCfg = Release|Any CPU
		{F6EC8BB5-26B2-431B-AC54-65047DFD445E}.Release|Any CPU.Build.0 = Release|Any CPU
		{419EDA4D-7F21-4984-9976-91761EDA1C96}.Debug|Any CPU.ActiveCfg = Debug|Any CPU
		{419EDA4D-7F21-4984-9976-91761EDA1C96}.Debug|Any CPU.Build.0 = Debug|Any CPU
		{419EDA4D-7F21-4984-9976-91761EDA1C96}.Release|Any CPU.ActiveCfg = Release|Any CPU
		{419EDA4D-7F21-4984-9976-91761EDA1C96}.Release|Any CPU.Build.0 = Release|Any CPU
		{3BAD61E9-A71E-4CC9-BF04-27C2D7FCE1DE}.Debug|Any CPU.ActiveCfg = Debug|Any CPU
		{3BAD61E9-A71E-4CC9-BF04-27C2D7FCE1DE}.Debug|Any CPU.Build.0 = Debug|Any CPU
		{3BAD61E9-A71E-4CC9-BF04-27C2D7FCE1DE}.Release|Any CPU.ActiveCfg = Release|Any CPU
		{3BAD61E9-A71E-4CC9-BF04-27C2D7FCE1DE}.Release|Any CPU.Build.0 = Release|Any CPU
		{70E0CE98-E78B-43C4-AC1F-03A9D83B0360}.Debug|Any CPU.ActiveCfg = Debug|Any CPU
		{70E0CE98-E78B-43C4-AC1F-03A9D83B0360}.Debug|Any CPU.Build.0 = Debug|Any CPU
		{70E0CE98-E78B-43C4-AC1F-03A9D83B0360}.Release|Any CPU.ActiveCfg = Release|Any CPU
		{70E0CE98-E78B-43C4-AC1F-03A9D83B0360}.Release|Any CPU.Build.0 = Release|Any CPU
		{92372F72-B87E-43B5-A179-2D9DD1E121CF}.Debug|Any CPU.ActiveCfg = Debug|Any CPU
		{92372F72-B87E-43B5-A179-2D9DD1E121CF}.Debug|Any CPU.Build.0 = Debug|Any CPU
		{92372F72-B87E-43B5-A179-2D9DD1E121CF}.Release|Any CPU.ActiveCfg = Release|Any CPU
		{92372F72-B87E-43B5-A179-2D9DD1E121CF}.Release|Any CPU.Build.0 = Release|Any CPU
		{55CBBBA0-44D7-425D-B649-DDB550EBC36A}.Debug|Any CPU.ActiveCfg = Debug|Any CPU
		{55CBBBA0-44D7-425D-B649-DDB550EBC36A}.Debug|Any CPU.Build.0 = Debug|Any CPU
		{55CBBBA0-44D7-425D-B649-DDB550EBC36A}.Release|Any CPU.ActiveCfg = Release|Any CPU
		{55CBBBA0-44D7-425D-B649-DDB550EBC36A}.Release|Any CPU.Build.0 = Release|Any CPU
		{E14DC79D-717E-4F33-A5D6-37156B2F44F0}.Debug|Any CPU.ActiveCfg = Debug|Any CPU
		{E14DC79D-717E-4F33-A5D6-37156B2F44F0}.Debug|Any CPU.Build.0 = Debug|Any CPU
		{E14DC79D-717E-4F33-A5D6-37156B2F44F0}.Release|Any CPU.ActiveCfg = Release|Any CPU
		{E14DC79D-717E-4F33-A5D6-37156B2F44F0}.Release|Any CPU.Build.0 = Release|Any CPU
		{318D2603-4E76-4210-9FF6-C05EF8591560}.Debug|Any CPU.ActiveCfg = Debug|Any CPU
		{318D2603-4E76-4210-9FF6-C05EF8591560}.Debug|Any CPU.Build.0 = Debug|Any CPU
		{318D2603-4E76-4210-9FF6-C05EF8591560}.Release|Any CPU.ActiveCfg = Release|Any CPU
		{318D2603-4E76-4210-9FF6-C05EF8591560}.Release|Any CPU.Build.0 = Release|Any CPU
		{89C363B5-A1B3-4006-A1E3-2D4D6888DECD}.Debug|Any CPU.ActiveCfg = Debug|Any CPU
		{89C363B5-A1B3-4006-A1E3-2D4D6888DECD}.Debug|Any CPU.Build.0 = Debug|Any CPU
		{89C363B5-A1B3-4006-A1E3-2D4D6888DECD}.Release|Any CPU.ActiveCfg = Release|Any CPU
		{89C363B5-A1B3-4006-A1E3-2D4D6888DECD}.Release|Any CPU.Build.0 = Release|Any CPU
		{724F149C-DBA5-4027-B4BE-EC64758D1D0A}.Debug|Any CPU.ActiveCfg = Debug|Any CPU
		{724F149C-DBA5-4027-B4BE-EC64758D1D0A}.Debug|Any CPU.Build.0 = Debug|Any CPU
		{724F149C-DBA5-4027-B4BE-EC64758D1D0A}.Release|Any CPU.ActiveCfg = Release|Any CPU
		{724F149C-DBA5-4027-B4BE-EC64758D1D0A}.Release|Any CPU.Build.0 = Release|Any CPU
		{224C3F78-5460-46D6-A499-F4376C765AA4}.Debug|Any CPU.ActiveCfg = Debug|Any CPU
		{224C3F78-5460-46D6-A499-F4376C765AA4}.Debug|Any CPU.Build.0 = Debug|Any CPU
		{224C3F78-5460-46D6-A499-F4376C765AA4}.Release|Any CPU.ActiveCfg = Release|Any CPU
		{224C3F78-5460-46D6-A499-F4376C765AA4}.Release|Any CPU.Build.0 = Release|Any CPU
		{BDBE1F45-D30D-4E74-935A-E3E5C14F33B4}.Debug|Any CPU.ActiveCfg = Debug|Any CPU
		{BDBE1F45-D30D-4E74-935A-E3E5C14F33B4}.Debug|Any CPU.Build.0 = Debug|Any CPU
		{BDBE1F45-D30D-4E74-935A-E3E5C14F33B4}.Release|Any CPU.ActiveCfg = Release|Any CPU
		{BDBE1F45-D30D-4E74-935A-E3E5C14F33B4}.Release|Any CPU.Build.0 = Release|Any CPU
		{958F517C-FE72-4BD5-BBF1-E3E79EF4D4A3}.Debug|Any CPU.ActiveCfg = Debug|Any CPU
		{958F517C-FE72-4BD5-BBF1-E3E79EF4D4A3}.Debug|Any CPU.Build.0 = Debug|Any CPU
		{958F517C-FE72-4BD5-BBF1-E3E79EF4D4A3}.Release|Any CPU.ActiveCfg = Release|Any CPU
		{958F517C-FE72-4BD5-BBF1-E3E79EF4D4A3}.Release|Any CPU.Build.0 = Release|Any CPU
		{0D219DC9-AE86-49A5-9445-FA770FAE9AA2}.Debug|Any CPU.ActiveCfg = Debug|Any CPU
		{0D219DC9-AE86-49A5-9445-FA770FAE9AA2}.Debug|Any CPU.Build.0 = Debug|Any CPU
		{0D219DC9-AE86-49A5-9445-FA770FAE9AA2}.Release|Any CPU.ActiveCfg = Release|Any CPU
		{0D219DC9-AE86-49A5-9445-FA770FAE9AA2}.Release|Any CPU.Build.0 = Release|Any CPU
		{938C2FE6-4D39-49E9-9246-0B52B2748FB8}.Debug|Any CPU.ActiveCfg = Debug|Any CPU
		{938C2FE6-4D39-49E9-9246-0B52B2748FB8}.Debug|Any CPU.Build.0 = Debug|Any CPU
		{938C2FE6-4D39-49E9-9246-0B52B2748FB8}.Release|Any CPU.ActiveCfg = Release|Any CPU
		{938C2FE6-4D39-49E9-9246-0B52B2748FB8}.Release|Any CPU.Build.0 = Release|Any CPU
	EndGlobalSection
	GlobalSection(SolutionProperties) = preSolution
		HideSolutionNode = FALSE
	EndGlobalSection
	GlobalSection(NestedProjects) = preSolution
		{855E0538-9495-4E21-83C4-B5D73D967645} = {10C503EA-71E8-4AB1-B7A0-6B953418C2D8}
		{1B046525-CA4E-4B09-8196-11FBEAD56645} = {10C503EA-71E8-4AB1-B7A0-6B953418C2D8}
		{E7D0C8BB-430B-40C7-A6CE-3051C57AD51A} = {10C503EA-71E8-4AB1-B7A0-6B953418C2D8}
		{34D5F800-9080-4649-B34E-C7DFCAEBAD58} = {10C503EA-71E8-4AB1-B7A0-6B953418C2D8}
		{61F0E3F4-EC49-48DA-BA35-6D14BE7EAA31} = {10C503EA-71E8-4AB1-B7A0-6B953418C2D8}
		{774EB461-1B66-45D2-86DC-58EAA7CE6E0D} = {10C503EA-71E8-4AB1-B7A0-6B953418C2D8}
		{973B20D6-862E-4747-8904-1E286FC62C8F} = {10C503EA-71E8-4AB1-B7A0-6B953418C2D8}
		{AC74CE03-372A-446B-8CBF-F1C8F3F1C394} = {10C503EA-71E8-4AB1-B7A0-6B953418C2D8}
		{B911EC20-BFDD-4283-8C31-3039A460894F} = {10C503EA-71E8-4AB1-B7A0-6B953418C2D8}
		{7A21898C-0268-4D4C-8DC3-1EDA7F4479E0} = {10C503EA-71E8-4AB1-B7A0-6B953418C2D8}
		{88A49216-8676-4767-AAB3-4428BB926443} = {10C503EA-71E8-4AB1-B7A0-6B953418C2D8}
		{F3910D3E-1EEF-4BB7-ACCF-9A7779B343E2} = {82565738-8D56-48ED-BD4E-DD4CED9CCB70}
		{BAA8153F-30CA-45C4-9CC9-87E8DD677C81} = {82565738-8D56-48ED-BD4E-DD4CED9CCB70}
		{745B7B38-38C8-4E15-B19F-904F53373BFD} = {82565738-8D56-48ED-BD4E-DD4CED9CCB70}
		{6231A583-682B-4985-BAC7-733EAE739084} = {82565738-8D56-48ED-BD4E-DD4CED9CCB70}
		{AF2EA922-2F90-4041-80E2-984E20EE8327} = {82565738-8D56-48ED-BD4E-DD4CED9CCB70}
		{007BC700-5950-42E4-BA55-E1AEA6687D21} = {5441876B-09B5-4470-A0C3-66DA5585A633}
		{A6314623-8607-4DD0-A1FB-E7976D4587DA} = {5441876B-09B5-4470-A0C3-66DA5585A633}
		{F6EC8BB5-26B2-431B-AC54-65047DFD445E} = {5441876B-09B5-4470-A0C3-66DA5585A633}
		{419EDA4D-7F21-4984-9976-91761EDA1C96} = {5441876B-09B5-4470-A0C3-66DA5585A633}
		{3BAD61E9-A71E-4CC9-BF04-27C2D7FCE1DE} = {5441876B-09B5-4470-A0C3-66DA5585A633}
		{70E0CE98-E78B-43C4-AC1F-03A9D83B0360} = {5441876B-09B5-4470-A0C3-66DA5585A633}
		{92372F72-B87E-43B5-A179-2D9DD1E121CF} = {5441876B-09B5-4470-A0C3-66DA5585A633}
		{55CBBBA0-44D7-425D-B649-DDB550EBC36A} = {78CB0ED1-0936-4A79-8995-F158CAD6F0DE}
		{E14DC79D-717E-4F33-A5D6-37156B2F44F0} = {78CB0ED1-0936-4A79-8995-F158CAD6F0DE}
		{318D2603-4E76-4210-9FF6-C05EF8591560} = {F4EF85B2-4E6B-49C2-8ED1-43B757DFB3DE}
		{89C363B5-A1B3-4006-A1E3-2D4D6888DECD} = {F4EF85B2-4E6B-49C2-8ED1-43B757DFB3DE}
		{724F149C-DBA5-4027-B4BE-EC64758D1D0A} = {F4EF85B2-4E6B-49C2-8ED1-43B757DFB3DE}
		{224C3F78-5460-46D6-A499-F4376C765AA4} = {F4EF85B2-4E6B-49C2-8ED1-43B757DFB3DE}
		{BDBE1F45-D30D-4E74-935A-E3E5C14F33B4} = {F4EF85B2-4E6B-49C2-8ED1-43B757DFB3DE}
		{958F517C-FE72-4BD5-BBF1-E3E79EF4D4A3} = {4EF68EDB-32DB-46C6-A797-C2C29BB77038}
		{0D219DC9-AE86-49A5-9445-FA770FAE9AA2} = {4EF68EDB-32DB-46C6-A797-C2C29BB77038}
		{938C2FE6-4D39-49E9-9246-0B52B2748FB8} = {4EF68EDB-32DB-46C6-A797-C2C29BB77038}
	EndGlobalSection
	GlobalSection(ExtensibilityGlobals) = postSolution
		SolutionGuid = {0B6073EE-72AF-4B12-BD22-5E91AD85FAC4}
	EndGlobalSection
EndGlobal
