
Microsoft Visual Studio Solution File, Format Version 12.00
# Visual Studio Version 17
VisualStudioVersion = 17.5.002.0
MinimumVisualStudioVersion = 10.0.40219.1
Project("{9A19103F-16F7-4668-BE54-9A1E7A4F7556}") = "MyApp", "MyApp\MyApp.csproj", "{193A12EE-ED91-433C-A25E-0E0EB1B9D918}"
EndProject
Project("{9A19103F-16F7-4668-BE54-9A1E7A4F7556}") = "Thi", "ThiGK\Thi.csproj", "{5A4B28A8-1F39-46AD-B348-D1916F406B41}"
EndProject
Project("{2150E333-8FDC-42A3-9474-1A3956D46DE8}") = "C1", "C1", "{4163F19E-584C-400D-99D2-5D0380277280}"
EndProject
Project("{9A19103F-16F7-4668-BE54-9A1E7A4F7556}") = "C1B1", "C1\BTCN1\C1B1.csproj", "{59DA6B02-6919-4CD1-9CBB-5A8495932BFA}"
EndProject
Project("{9A19103F-16F7-4668-BE54-9A1E7A4F7556}") = "C1B2", "C1\BTCN2\C1B2.csproj", "{129A9484-961F-4ACF-BA14-4DCF0FE95F00}"
EndProject
Project("{9A19103F-16F7-4668-BE54-9A1E7A4F7556}") = "C1B3", "C1\BTCN3\C1B3.csproj", "{96757539-2C9A-44B7-A4C6-5B1ED386FF25}"
EndProject
Project("{9A19103F-16F7-4668-BE54-9A1E7A4F7556}") = "C1B4", "C1\BTCN4\C1B4.csproj", "{719FB21C-7E22-4900-B541-5B4E87109F46}"
EndProject
Project("{9A19103F-16F7-4668-BE54-9A1E7A4F7556}") = "BTLop1", "C1\BTLop1\BTLop1.csproj", "{384DDCA0-BF6E-4A1D-87E2-570A152AFA11}"
EndProject
Project("{9A19103F-16F7-4668-BE54-9A1E7A4F7556}") = "BTLop2", "C1\BTLop2\BTLop2.csproj", "{FE83610C-727E-40E9-B1C0-822BEE7C2253}"
EndProject
Project("{9A19103F-16F7-4668-BE54-9A1E7A4F7556}") = "BTLop3", "C1\BTLop3\BTLop3.csproj", "{D4B37556-CB03-4897-891E-FEF87F85DBA3}"
EndProject
Project("{9A19103F-16F7-4668-BE54-9A1E7A4F7556}") = "BTLop4", "C1\BTLop4\BTLop4.csproj", "{EFA17FB0-447D-461C-94D6-C05894B09EC4}"
EndProject
Project("{9A19103F-16F7-4668-BE54-9A1E7A4F7556}") = "BTLop5", "C1\BTLop5\BTLop5.csproj", "{E358B83D-EE6E-4B46-8685-1BEA9860D876}"
EndProject
Project("{9A19103F-16F7-4668-BE54-9A1E7A4F7556}") = "BTLop6", "C1\BTLop6\BTLop6.csproj", "{10B6DC91-67AF-4ED0-964A-C27860AC1D6C}"
EndProject
Project("{9A19103F-16F7-4668-BE54-9A1E7A4F7556}") = "timhieu", "C1\BTSlide\timhieu.csproj", "{45934577-9A15-42CD-A159-2AD93516778E}"
EndProject
Project("{2150E333-8FDC-42A3-9474-1A3956D46DE8}") = "C3", "C3", "{9D39B1D3-CE89-412E-AC8B-1DFF04D0C73E}"
EndProject
Project("{9A19103F-16F7-4668-BE54-9A1E7A4F7556}") = "BTLop1", "C3\BTLop1\BTLop1.csproj", "{9CEDB051-3397-46CC-A1BD-CC761799BFD6}"
EndProject
Project("{9A19103F-16F7-4668-BE54-9A1E7A4F7556}") = "KT1", "C3\BTSlide1\KT1.csproj", "{DFC93318-9908-4556-A21C-E086C9A98AD0}"
EndProject
Project("{9A19103F-16F7-4668-BE54-9A1E7A4F7556}") = "BTSlide2", "C3\BTSlide2\BTSlide2.csproj", "{88AA3F8E-9CED-48E1-95A4-A704F8C250B7}"
EndProject
Project("{9A19103F-16F7-4668-BE54-9A1E7A4F7556}") = "BTSlide3", "C3\BTSlide3\BTSlide3.csproj", "{DADF7B3D-CDF0-4307-81B1-D22A44D061FB}"
EndProject
Project("{9A19103F-16F7-4668-BE54-9A1E7A4F7556}") = "BTSlide4", "C3\BTSlide4\BTSlide4.csproj", "{87B7350E-3CD9-4334-B935-3459E85B80E9}"
EndProject
Project("{2150E333-8FDC-42A3-9474-1A3956D46DE8}") = "C4", "C4", "{6E5FDE83-1BD7-4A9A-B830-07F70CFA80D7}"
EndProject
Project("{9A19103F-16F7-4668-BE54-9A1E7A4F7556}") = "BTLop2", "C4\BTLop2\BTLop2.csproj", "{A992053C-D64B-4DFD-A480-7352EAD84FB7}"
EndProject
Project("{9A19103F-16F7-4668-BE54-9A1E7A4F7556}") = "BTOT1", "C4\BTOT1\BTOT1.csproj", "{5DBE98B7-095A-4072-B7BF-FF100313864B}"
EndProject
Project("{9A19103F-16F7-4668-BE54-9A1E7A4F7556}") = "BTSlide1", "C4\BTSlide1\BTSlide1.csproj", "{521D604B-FCA7-4F08-AFDD-54B0C0E9566E}"
EndProject
Project("{9A19103F-16F7-4668-BE54-9A1E7A4F7556}") = "BTSlide2", "C4\BTSlide2\BTSlide2.csproj", "{5FED213C-BC6E-4731-BA10-3F682F6312BC}"
EndProject
Project("{9A19103F-16F7-4668-BE54-9A1E7A4F7556}") = "BTSlide3", "C4\BTSlide3\BTSlide3.csproj", "{67CC0ECA-3287-4A80-98AA-35F6B0DE10AE}"
EndProject
Project("{9A19103F-16F7-4668-BE54-9A1E7A4F7556}") = "BTSlide4", "C4\BTSlide4\BTSlide4.csproj", "{42002637-6310-421D-B166-1635B62356A5}"
EndProject
Project("{9A19103F-16F7-4668-BE54-9A1E7A4F7556}") = "BTSlide5", "C4\BTSlide5\BTSlide5.csproj", "{FAC338FA-074D-47F6-AD1E-E4D8E29A9B75}"
EndProject
Project("{2150E333-8FDC-42A3-9474-1A3956D46DE8}") = "C5", "C5", "{1B041464-6AA4-4D88-8516-48F5266F630D}"
EndProject
Project("{9A19103F-16F7-4668-BE54-9A1E7A4F7556}") = "BTSlide1", "C5\BTSlide1\BTSlide1.csproj", "{44BAE633-20DB-4C72-AB09-D427A6272C56}"
EndProject
Project("{9A19103F-16F7-4668-BE54-9A1E7A4F7556}") = "BTSlide2", "C5\BTSlide2\BTSlide2.csproj", "{E7FFFCBB-EEB8-4FFA-AD92-19F2E18C8841}"
EndProject
Project("{2150E333-8FDC-42A3-9474-1A3956D46DE8}") = "C6", "C6", "{1FA67672-3B4A-405A-A747-6AEF44E4E2BE}"
EndProject
Project("{9A19103F-16F7-4668-BE54-9A1E7A4F7556}") = "BTLop", "C6\BTLop\BTLop.csproj", "{6521DED9-F98F-4072-BFC7-6FEF5F195EF7}"
EndProject
Project("{9A19103F-16F7-4668-BE54-9A1E7A4F7556}") = "BTLop1", "C6\BTLop1\BTLop1.csproj", "{DDC830EC-7E4E-41BA-992F-934FC85F6043}"
EndProject
Project("{9A19103F-16F7-4668-BE54-9A1E7A4F7556}") = "BTSlide1", "C6\BTSlide1\BTSlide1.csproj", "{366857BE-BE90-41CD-A230-9D076729F18A}"
EndProject
Project("{9A19103F-16F7-4668-BE54-9A1E7A4F7556}") = "BTSlide2", "C6\BTSlide2\BTSlide2.csproj", "{4BF14954-980D-476B-A37A-C66095760493}"
EndProject
Project("{9A19103F-16F7-4668-BE54-9A1E7A4F7556}") = "BTSlide3", "C6\BTSlide3\BTSlide3.csproj", "{89DA61DD-9A7F-4F05-9040-C8179510A13F}"
EndProject
Project("{9A19103F-16F7-4668-BE54-9A1E7A4F7556}") = "BTSlide4", "C6\BTSlide4\BTSlide4.csproj", "{2DF271E0-447A-47F9-883E-1552BAFD47D9}"
EndProject
Project("{2150E333-8FDC-42A3-9474-1A3956D46DE8}") = "OTGK", "OTGK", "{5C150DB7-CEE7-4A5C-9CA7-B1BC92110CBB}"
EndProject
Project("{9A19103F-16F7-4668-BE54-9A1E7A4F7556}") = "OTGK1", "OTGK\OTGK_1\OTGK1.csproj", "{C5257F7A-FE39-4ED5-8A78-9C33990EEF13}"
EndProject
Project("{9A19103F-16F7-4668-BE54-9A1E7A4F7556}") = "OTGK_2", "OTGK\OTGK_2\OTGK_2.csproj", "{7C5651D6-DB63-4A57-9F44-D982A09FEDE5}"
EndProject
Project("{9A19103F-16F7-4668-BE54-9A1E7A4F7556}") = "OTGK_3", "OTGK\OTGK_3\OTGK_3.csproj", "{3A4B9C26-F79B-400E-B068-BAD219D12080}"
EndProject
Project("{2150E333-8FDC-42A3-9474-1A3956D46DE8}") = "OTCK", "OTCK", "{3F92089C-F6A6-4AF0-8323-0230F4E1F780}"
EndProject
Project("{FAE04EC0-301F-11D3-BF4B-00C04F79EFBC}") = "OTCK_1", "OTCK\OTCK_1\OTCK_1.csproj", "{53919192-C720-407B-A5B9-B5E3977F71C4}"
EndProject
Project("{FAE04EC0-301F-11D3-BF4B-00C04F79EFBC}") = "OTCK_2", "OTCK\OTCK_2\OTCK_2.csproj", "{2751EF42-8D35-422B-9B9B-93C815F4ACFF}"
EndProject
Project("{FAE04EC0-301F-11D3-BF4B-00C04F79EFBC}") = "OTCK_3", "OTCK\OTCK_3\OTCK_3.csproj", "{A69FDC33-F5DC-4628-911A-7AFAD6F101C1}"
EndProject
Global
	GlobalSection(SolutionConfigurationPlatforms) = preSolution
		Debug|Any CPU = Debug|Any CPU
		Release|Any CPU = Release|Any CPU
	EndGlobalSection
	GlobalSection(ProjectConfigurationPlatforms) = postSolution
		{193A12EE-ED91-433C-A25E-0E0EB1B9D918}.Debug|Any CPU.ActiveCfg = Debug|Any CPU
		{193A12EE-ED91-433C-A25E-0E0EB1B9D918}.Debug|Any CPU.Build.0 = Debug|Any CPU
		{193A12EE-ED91-433C-A25E-0E0EB1B9D918}.Release|Any CPU.ActiveCfg = Release|Any CPU
		{193A12EE-ED91-433C-A25E-0E0EB1B9D918}.Release|Any CPU.Build.0 = Release|Any CPU
		{5A4B28A8-1F39-46AD-B348-D1916F406B41}.Debug|Any CPU.ActiveCfg = Debug|Any CPU
		{5A4B28A8-1F39-46AD-B348-D1916F406B41}.Debug|Any CPU.Build.0 = Debug|Any CPU
		{5A4B28A8-1F39-46AD-B348-D1916F406B41}.Release|Any CPU.ActiveCfg = Release|Any CPU
		{5A4B28A8-1F39-46AD-B348-D1916F406B41}.Release|Any CPU.Build.0 = Release|Any CPU
		{59DA6B02-6919-4CD1-9CBB-5A8495932BFA}.Debug|Any CPU.ActiveCfg = Debug|Any CPU
		{59DA6B02-6919-4CD1-9CBB-5A8495932BFA}.Debug|Any CPU.Build.0 = Debug|Any CPU
		{59DA6B02-6919-4CD1-9CBB-5A8495932BFA}.Release|Any CPU.ActiveCfg = Release|Any CPU
		{59DA6B02-6919-4CD1-9CBB-5A8495932BFA}.Release|Any CPU.Build.0 = Release|Any CPU
		{129A9484-961F-4ACF-BA14-4DCF0FE95F00}.Debug|Any CPU.ActiveCfg = Debug|Any CPU
		{129A9484-961F-4ACF-BA14-4DCF0FE95F00}.Debug|Any CPU.Build.0 = Debug|Any CPU
		{129A9484-961F-4ACF-BA14-4DCF0FE95F00}.Release|Any CPU.ActiveCfg = Release|Any CPU
		{129A9484-961F-4ACF-BA14-4DCF0FE95F00}.Release|Any CPU.Build.0 = Release|Any CPU
		{96757539-2C9A-44B7-A4C6-5B1ED386FF25}.Debug|Any CPU.ActiveCfg = Debug|Any CPU
		{96757539-2C9A-44B7-A4C6-5B1ED386FF25}.Debug|Any CPU.Build.0 = Debug|Any CPU
		{96757539-2C9A-44B7-A4C6-5B1ED386FF25}.Release|Any CPU.ActiveCfg = Release|Any CPU
		{96757539-2C9A-44B7-A4C6-5B1ED386FF25}.Release|Any CPU.Build.0 = Release|Any CPU
		{719FB21C-7E22-4900-B541-5B4E87109F46}.Debug|Any CPU.ActiveCfg = Debug|Any CPU
		{719FB21C-7E22-4900-B541-5B4E87109F46}.Debug|Any CPU.Build.0 = Debug|Any CPU
		{719FB21C-7E22-4900-B541-5B4E87109F46}.Release|Any CPU.ActiveCfg = Release|Any CPU
		{719FB21C-7E22-4900-B541-5B4E87109F46}.Release|Any CPU.Build.0 = Release|Any CPU
		{384DDCA0-BF6E-4A1D-87E2-570A152AFA11}.Debug|Any CPU.ActiveCfg = Debug|Any CPU
		{384DDCA0-BF6E-4A1D-87E2-570A152AFA11}.Debug|Any CPU.Build.0 = Debug|Any CPU
		{384DDCA0-BF6E-4A1D-87E2-570A152AFA11}.Release|Any CPU.ActiveCfg = Release|Any CPU
		{384DDCA0-BF6E-4A1D-87E2-570A152AFA11}.Release|Any CPU.Build.0 = Release|Any CPU
		{FE83610C-727E-40E9-B1C0-822BEE7C2253}.Debug|Any CPU.ActiveCfg = Debug|Any CPU
		{FE83610C-727E-40E9-B1C0-822BEE7C2253}.Debug|Any CPU.Build.0 = Debug|Any CPU
		{FE83610C-727E-40E9-B1C0-822BEE7C2253}.Release|Any CPU.ActiveCfg = Release|Any CPU
		{FE83610C-727E-40E9-B1C0-822BEE7C2253}.Release|Any CPU.Build.0 = Release|Any CPU
		{D4B37556-CB03-4897-891E-FEF87F85DBA3}.Debug|Any CPU.ActiveCfg = Debug|Any CPU
		{D4B37556-CB03-4897-891E-FEF87F85DBA3}.Debug|Any CPU.Build.0 = Debug|Any CPU
		{D4B37556-CB03-4897-891E-FEF87F85DBA3}.Release|Any CPU.ActiveCfg = Release|Any CPU
		{D4B37556-CB03-4897-891E-FEF87F85DBA3}.Release|Any CPU.Build.0 = Release|Any CPU
		{EFA17FB0-447D-461C-94D6-C05894B09EC4}.Debug|Any CPU.ActiveCfg = Debug|Any CPU
		{EFA17FB0-447D-461C-94D6-C05894B09EC4}.Debug|Any CPU.Build.0 = Debug|Any CPU
		{EFA17FB0-447D-461C-94D6-C05894B09EC4}.Release|Any CPU.ActiveCfg = Release|Any CPU
		{EFA17FB0-447D-461C-94D6-C05894B09EC4}.Release|Any CPU.Build.0 = Release|Any CPU
		{E358B83D-EE6E-4B46-8685-1BEA9860D876}.Debug|Any CPU.ActiveCfg = Debug|Any CPU
		{E358B83D-EE6E-4B46-8685-1BEA9860D876}.Debug|Any CPU.Build.0 = Debug|Any CPU
		{E358B83D-EE6E-4B46-8685-1BEA9860D876}.Release|Any CPU.ActiveCfg = Release|Any CPU
		{E358B83D-EE6E-4B46-8685-1BEA9860D876}.Release|Any CPU.Build.0 = Release|Any CPU
		{10B6DC91-67AF-4ED0-964A-C27860AC1D6C}.Debug|Any CPU.ActiveCfg = Debug|Any CPU
		{10B6DC91-67AF-4ED0-964A-C27860AC1D6C}.Debug|Any CPU.Build.0 = Debug|Any CPU
		{10B6DC91-67AF-4ED0-964A-C27860AC1D6C}.Release|Any CPU.ActiveCfg = Release|Any CPU
		{10B6DC91-67AF-4ED0-964A-C27860AC1D6C}.Release|Any CPU.Build.0 = Release|Any CPU
		{45934577-9A15-42CD-A159-2AD93516778E}.Debug|Any CPU.ActiveCfg = Debug|Any CPU
		{45934577-9A15-42CD-A159-2AD93516778E}.Debug|Any CPU.Build.0 = Debug|Any CPU
		{45934577-9A15-42CD-A159-2AD93516778E}.Release|Any CPU.ActiveCfg = Release|Any CPU
		{45934577-9A15-42CD-A159-2AD93516778E}.Release|Any CPU.Build.0 = Release|Any CPU
		{9CEDB051-3397-46CC-A1BD-CC761799BFD6}.Debug|Any CPU.ActiveCfg = Debug|Any CPU
		{9CEDB051-3397-46CC-A1BD-CC761799BFD6}.Debug|Any CPU.Build.0 = Debug|Any CPU
		{9CEDB051-3397-46CC-A1BD-CC761799BFD6}.Release|Any CPU.ActiveCfg = Release|Any CPU
		{9CEDB051-3397-46CC-A1BD-CC761799BFD6}.Release|Any CPU.Build.0 = Release|Any CPU
		{DFC93318-9908-4556-A21C-E086C9A98AD0}.Debug|Any CPU.ActiveCfg = Debug|Any CPU
		{DFC93318-9908-4556-A21C-E086C9A98AD0}.Debug|Any CPU.Build.0 = Debug|Any CPU
		{DFC93318-9908-4556-A21C-E086C9A98AD0}.Release|Any CPU.ActiveCfg = Release|Any CPU
		{DFC93318-9908-4556-A21C-E086C9A98AD0}.Release|Any CPU.Build.0 = Release|Any CPU
		{88AA3F8E-9CED-48E1-95A4-A704F8C250B7}.Debug|Any CPU.ActiveCfg = Debug|Any CPU
		{88AA3F8E-9CED-48E1-95A4-A704F8C250B7}.Debug|Any CPU.Build.0 = Debug|Any CPU
		{88AA3F8E-9CED-48E1-95A4-A704F8C250B7}.Release|Any CPU.ActiveCfg = Release|Any CPU
		{88AA3F8E-9CED-48E1-95A4-A704F8C250B7}.Release|Any CPU.Build.0 = Release|Any CPU
		{DADF7B3D-CDF0-4307-81B1-D22A44D061FB}.Debug|Any CPU.ActiveCfg = Debug|Any CPU
		{DADF7B3D-CDF0-4307-81B1-D22A44D061FB}.Debug|Any CPU.Build.0 = Debug|Any CPU
		{DADF7B3D-CDF0-4307-81B1-D22A44D061FB}.Release|Any CPU.ActiveCfg = Release|Any CPU
		{DADF7B3D-CDF0-4307-81B1-D22A44D061FB}.Release|Any CPU.Build.0 = Release|Any CPU
		{87B7350E-3CD9-4334-B935-3459E85B80E9}.Debug|Any CPU.ActiveCfg = Debug|Any CPU
		{87B7350E-3CD9-4334-B935-3459E85B80E9}.Debug|Any CPU.Build.0 = Debug|Any CPU
		{87B7350E-3CD9-4334-B935-3459E85B80E9}.Release|Any CPU.ActiveCfg = Release|Any CPU
		{87B7350E-3CD9-4334-B935-3459E85B80E9}.Release|Any CPU.Build.0 = Release|Any CPU
		{A992053C-D64B-4DFD-A480-7352EAD84FB7}.Debug|Any CPU.ActiveCfg = Debug|Any CPU
		{A992053C-D64B-4DFD-A480-7352EAD84FB7}.Debug|Any CPU.Build.0 = Debug|Any CPU
		{A992053C-D64B-4DFD-A480-7352EAD84FB7}.Release|Any CPU.ActiveCfg = Release|Any CPU
		{A992053C-D64B-4DFD-A480-7352EAD84FB7}.Release|Any CPU.Build.0 = Release|Any CPU
		{5DBE98B7-095A-4072-B7BF-FF100313864B}.Debug|Any CPU.ActiveCfg = Debug|Any CPU
		{5DBE98B7-095A-4072-B7BF-FF100313864B}.Debug|Any CPU.Build.0 = Debug|Any CPU
		{5DBE98B7-095A-4072-B7BF-FF100313864B}.Release|Any CPU.ActiveCfg = Release|Any CPU
		{5DBE98B7-095A-4072-B7BF-FF100313864B}.Release|Any CPU.Build.0 = Release|Any CPU
		{521D604B-FCA7-4F08-AFDD-54B0C0E9566E}.Debug|Any CPU.ActiveCfg = Debug|Any CPU
		{521D604B-FCA7-4F08-AFDD-54B0C0E9566E}.Debug|Any CPU.Build.0 = Debug|Any CPU
		{521D604B-FCA7-4F08-AFDD-54B0C0E9566E}.Release|Any CPU.ActiveCfg = Release|Any CPU
		{521D604B-FCA7-4F08-AFDD-54B0C0E9566E}.Release|Any CPU.Build.0 = Release|Any CPU
		{5FED213C-BC6E-4731-BA10-3F682F6312BC}.Debug|Any CPU.ActiveCfg = Debug|Any CPU
		{5FED213C-BC6E-4731-BA10-3F682F6312BC}.Debug|Any CPU.Build.0 = Debug|Any CPU
		{5FED213C-BC6E-4731-BA10-3F682F6312BC}.Release|Any CPU.ActiveCfg = Release|Any CPU
		{5FED213C-BC6E-4731-BA10-3F682F6312BC}.Release|Any CPU.Build.0 = Release|Any CPU
		{67CC0ECA-3287-4A80-98AA-35F6B0DE10AE}.Debug|Any CPU.ActiveCfg = Debug|Any CPU
		{67CC0ECA-3287-4A80-98AA-35F6B0DE10AE}.Debug|Any CPU.Build.0 = Debug|Any CPU
		{67CC0ECA-3287-4A80-98AA-35F6B0DE10AE}.Release|Any CPU.ActiveCfg = Release|Any CPU
		{67CC0ECA-3287-4A80-98AA-35F6B0DE10AE}.Release|Any CPU.Build.0 = Release|Any CPU
		{42002637-6310-421D-B166-1635B62356A5}.Debug|Any CPU.ActiveCfg = Debug|Any CPU
		{42002637-6310-421D-B166-1635B62356A5}.Debug|Any CPU.Build.0 = Debug|Any CPU
		{42002637-6310-421D-B166-1635B62356A5}.Release|Any CPU.ActiveCfg = Release|Any CPU
		{42002637-6310-421D-B166-1635B62356A5}.Release|Any CPU.Build.0 = Release|Any CPU
		{FAC338FA-074D-47F6-AD1E-E4D8E29A9B75}.Debug|Any CPU.ActiveCfg = Debug|Any CPU
		{FAC338FA-074D-47F6-AD1E-E4D8E29A9B75}.Debug|Any CPU.Build.0 = Debug|Any CPU
		{FAC338FA-074D-47F6-AD1E-E4D8E29A9B75}.Release|Any CPU.ActiveCfg = Release|Any CPU
		{FAC338FA-074D-47F6-AD1E-E4D8E29A9B75}.Release|Any CPU.Build.0 = Release|Any CPU
		{44BAE633-20DB-4C72-AB09-D427A6272C56}.Debug|Any CPU.ActiveCfg = Debug|Any CPU
		{44BAE633-20DB-4C72-AB09-D427A6272C56}.Debug|Any CPU.Build.0 = Debug|Any CPU
		{44BAE633-20DB-4C72-AB09-D427A6272C56}.Release|Any CPU.ActiveCfg = Release|Any CPU
		{44BAE633-20DB-4C72-AB09-D427A6272C56}.Release|Any CPU.Build.0 = Release|Any CPU
		{E7FFFCBB-EEB8-4FFA-AD92-19F2E18C8841}.Debug|Any CPU.ActiveCfg = Debug|Any CPU
		{E7FFFCBB-EEB8-4FFA-AD92-19F2E18C8841}.Debug|Any CPU.Build.0 = Debug|Any CPU
		{E7FFFCBB-EEB8-4FFA-AD92-19F2E18C8841}.Release|Any CPU.ActiveCfg = Release|Any CPU
		{E7FFFCBB-EEB8-4FFA-AD92-19F2E18C8841}.Release|Any CPU.Build.0 = Release|Any CPU
		{6521DED9-F98F-4072-BFC7-6FEF5F195EF7}.Debug|Any CPU.ActiveCfg = Debug|Any CPU
		{6521DED9-F98F-4072-BFC7-6FEF5F195EF7}.Debug|Any CPU.Build.0 = Debug|Any CPU
		{6521DED9-F98F-4072-BFC7-6FEF5F195EF7}.Release|Any CPU.ActiveCfg = Release|Any CPU
		{6521DED9-F98F-4072-BFC7-6FEF5F195EF7}.Release|Any CPU.Build.0 = Release|Any CPU
		{DDC830EC-7E4E-41BA-992F-934FC85F6043}.Debug|Any CPU.ActiveCfg = Debug|Any CPU
		{DDC830EC-7E4E-41BA-992F-934FC85F6043}.Debug|Any CPU.Build.0 = Debug|Any CPU
		{DDC830EC-7E4E-41BA-992F-934FC85F6043}.Release|Any CPU.ActiveCfg = Release|Any CPU
		{DDC830EC-7E4E-41BA-992F-934FC85F6043}.Release|Any CPU.Build.0 = Release|Any CPU
		{366857BE-BE90-41CD-A230-9D076729F18A}.Debug|Any CPU.ActiveCfg = Debug|Any CPU
		{366857BE-BE90-41CD-A230-9D076729F18A}.Debug|Any CPU.Build.0 = Debug|Any CPU
		{366857BE-BE90-41CD-A230-9D076729F18A}.Release|Any CPU.ActiveCfg = Release|Any CPU
		{366857BE-BE90-41CD-A230-9D076729F18A}.Release|Any CPU.Build.0 = Release|Any CPU
		{4BF14954-980D-476B-A37A-C66095760493}.Debug|Any CPU.ActiveCfg = Debug|Any CPU
		{4BF14954-980D-476B-A37A-C66095760493}.Debug|Any CPU.Build.0 = Debug|Any CPU
		{4BF14954-980D-476B-A37A-C66095760493}.Release|Any CPU.ActiveCfg = Release|Any CPU
		{4BF14954-980D-476B-A37A-C66095760493}.Release|Any CPU.Build.0 = Release|Any CPU
		{89DA61DD-9A7F-4F05-9040-C8179510A13F}.Debug|Any CPU.ActiveCfg = Debug|Any CPU
		{89DA61DD-9A7F-4F05-9040-C8179510A13F}.Debug|Any CPU.Build.0 = Debug|Any CPU
		{89DA61DD-9A7F-4F05-9040-C8179510A13F}.Release|Any CPU.ActiveCfg = Release|Any CPU
		{89DA61DD-9A7F-4F05-9040-C8179510A13F}.Release|Any CPU.Build.0 = Release|Any CPU
		{2DF271E0-447A-47F9-883E-1552BAFD47D9}.Debug|Any CPU.ActiveCfg = Debug|Any CPU
		{2DF271E0-447A-47F9-883E-1552BAFD47D9}.Debug|Any CPU.Build.0 = Debug|Any CPU
		{2DF271E0-447A-47F9-883E-1552BAFD47D9}.Release|Any CPU.ActiveCfg = Release|Any CPU
		{2DF271E0-447A-47F9-883E-1552BAFD47D9}.Release|Any CPU.Build.0 = Release|Any CPU
		{C5257F7A-FE39-4ED5-8A78-9C33990EEF13}.Debug|Any CPU.ActiveCfg = Debug|Any CPU
		{C5257F7A-FE39-4ED5-8A78-9C33990EEF13}.Debug|Any CPU.Build.0 = Debug|Any CPU
		{C5257F7A-FE39-4ED5-8A78-9C33990EEF13}.Release|Any CPU.ActiveCfg = Release|Any CPU
		{C5257F7A-FE39-4ED5-8A78-9C33990EEF13}.Release|Any CPU.Build.0 = Release|Any CPU
		{7C5651D6-DB63-4A57-9F44-D982A09FEDE5}.Debug|Any CPU.ActiveCfg = Debug|Any CPU
		{7C5651D6-DB63-4A57-9F44-D982A09FEDE5}.Debug|Any CPU.Build.0 = Debug|Any CPU
		{7C5651D6-DB63-4A57-9F44-D982A09FEDE5}.Release|Any CPU.ActiveCfg = Release|Any CPU
		{7C5651D6-DB63-4A57-9F44-D982A09FEDE5}.Release|Any CPU.Build.0 = Release|Any CPU
		{3A4B9C26-F79B-400E-B068-BAD219D12080}.Debug|Any CPU.ActiveCfg = Debug|Any CPU
		{3A4B9C26-F79B-400E-B068-BAD219D12080}.Debug|Any CPU.Build.0 = Debug|Any CPU
		{3A4B9C26-F79B-400E-B068-BAD219D12080}.Release|Any CPU.ActiveCfg = Release|Any CPU
		{3A4B9C26-F79B-400E-B068-BAD219D12080}.Release|Any CPU.Build.0 = Release|Any CPU
		{53919192-C720-407B-A5B9-B5E3977F71C4}.Debug|Any CPU.ActiveCfg = Debug|Any CPU
		{53919192-C720-407B-A5B9-B5E3977F71C4}.Debug|Any CPU.Build.0 = Debug|Any CPU
		{53919192-C720-407B-A5B9-B5E3977F71C4}.Release|Any CPU.ActiveCfg = Release|Any CPU
		{53919192-C720-407B-A5B9-B5E3977F71C4}.Release|Any CPU.Build.0 = Release|Any CPU
		{2751EF42-8D35-422B-9B9B-93C815F4ACFF}.Debug|Any CPU.ActiveCfg = Debug|Any CPU
		{2751EF42-8D35-422B-9B9B-93C815F4ACFF}.Debug|Any CPU.Build.0 = Debug|Any CPU
		{2751EF42-8D35-422B-9B9B-93C815F4ACFF}.Release|Any CPU.ActiveCfg = Release|Any CPU
		{2751EF42-8D35-422B-9B9B-93C815F4ACFF}.Release|Any CPU.Build.0 = Release|Any CPU
		{A69FDC33-F5DC-4628-911A-7AFAD6F101C1}.Debug|Any CPU.ActiveCfg = Debug|Any CPU
		{A69FDC33-F5DC-4628-911A-7AFAD6F101C1}.Debug|Any CPU.Build.0 = Debug|Any CPU
		{A69FDC33-F5DC-4628-911A-7AFAD6F101C1}.Release|Any CPU.ActiveCfg = Release|Any CPU
		{A69FDC33-F5DC-4628-911A-7AFAD6F101C1}.Release|Any CPU.Build.0 = Release|Any CPU
	EndGlobalSection
	GlobalSection(SolutionProperties) = preSolution
		HideSolutionNode = FALSE
	EndGlobalSection
	GlobalSection(NestedProjects) = preSolution
		{59DA6B02-6919-4CD1-9CBB-5A8495932BFA} = {4163F19E-584C-400D-99D2-5D0380277280}
		{129A9484-961F-4ACF-BA14-4DCF0FE95F00} = {4163F19E-584C-400D-99D2-5D0380277280}
		{96757539-2C9A-44B7-A4C6-5B1ED386FF25} = {4163F19E-584C-400D-99D2-5D0380277280}
		{719FB21C-7E22-4900-B541-5B4E87109F46} = {4163F19E-584C-400D-99D2-5D0380277280}
		{384DDCA0-BF6E-4A1D-87E2-570A152AFA11} = {4163F19E-584C-400D-99D2-5D0380277280}
		{FE83610C-727E-40E9-B1C0-822BEE7C2253} = {4163F19E-584C-400D-99D2-5D0380277280}
		{D4B37556-CB03-4897-891E-FEF87F85DBA3} = {4163F19E-584C-400D-99D2-5D0380277280}
		{EFA17FB0-447D-461C-94D6-C05894B09EC4} = {4163F19E-584C-400D-99D2-5D0380277280}
		{E358B83D-EE6E-4B46-8685-1BEA9860D876} = {4163F19E-584C-400D-99D2-5D0380277280}
		{10B6DC91-67AF-4ED0-964A-C27860AC1D6C} = {4163F19E-584C-400D-99D2-5D0380277280}
		{45934577-9A15-42CD-A159-2AD93516778E} = {4163F19E-584C-400D-99D2-5D0380277280}
		{9CEDB051-3397-46CC-A1BD-CC761799BFD6} = {9D39B1D3-CE89-412E-AC8B-1DFF04D0C73E}
		{DFC93318-9908-4556-A21C-E086C9A98AD0} = {9D39B1D3-CE89-412E-AC8B-1DFF04D0C73E}
		{88AA3F8E-9CED-48E1-95A4-A704F8C250B7} = {9D39B1D3-CE89-412E-AC8B-1DFF04D0C73E}
		{DADF7B3D-CDF0-4307-81B1-D22A44D061FB} = {9D39B1D3-CE89-412E-AC8B-1DFF04D0C73E}
		{87B7350E-3CD9-4334-B935-3459E85B80E9} = {9D39B1D3-CE89-412E-AC8B-1DFF04D0C73E}
		{A992053C-D64B-4DFD-A480-7352EAD84FB7} = {6E5FDE83-1BD7-4A9A-B830-07F70CFA80D7}
		{5DBE98B7-095A-4072-B7BF-FF100313864B} = {6E5FDE83-1BD7-4A9A-B830-07F70CFA80D7}
		{521D604B-FCA7-4F08-AFDD-54B0C0E9566E} = {6E5FDE83-1BD7-4A9A-B830-07F70CFA80D7}
		{5FED213C-BC6E-4731-BA10-3F682F6312BC} = {6E5FDE83-1BD7-4A9A-B830-07F70CFA80D7}
		{67CC0ECA-3287-4A80-98AA-35F6B0DE10AE} = {6E5FDE83-1BD7-4A9A-B830-07F70CFA80D7}
		{42002637-6310-421D-B166-1635B62356A5} = {6E5FDE83-1BD7-4A9A-B830-07F70CFA80D7}
		{FAC338FA-074D-47F6-AD1E-E4D8E29A9B75} = {6E5FDE83-1BD7-4A9A-B830-07F70CFA80D7}
		{44BAE633-20DB-4C72-AB09-D427A6272C56} = {1B041464-6AA4-4D88-8516-48F5266F630D}
		{E7FFFCBB-EEB8-4FFA-AD92-19F2E18C8841} = {1B041464-6AA4-4D88-8516-48F5266F630D}
		{6521DED9-F98F-4072-BFC7-6FEF5F195EF7} = {1FA67672-3B4A-405A-A747-6AEF44E4E2BE}
		{DDC830EC-7E4E-41BA-992F-934FC85F6043} = {1FA67672-3B4A-405A-A747-6AEF44E4E2BE}
		{366857BE-BE90-41CD-A230-9D076729F18A} = {1FA67672-3B4A-405A-A747-6AEF44E4E2BE}
		{4BF14954-980D-476B-A37A-C66095760493} = {1FA67672-3B4A-405A-A747-6AEF44E4E2BE}
		{89DA61DD-9A7F-4F05-9040-C8179510A13F} = {1FA67672-3B4A-405A-A747-6AEF44E4E2BE}
		{2DF271E0-447A-47F9-883E-1552BAFD47D9} = {1FA67672-3B4A-405A-A747-6AEF44E4E2BE}
		{C5257F7A-FE39-4ED5-8A78-9C33990EEF13} = {5C150DB7-CEE7-4A5C-9CA7-B1BC92110CBB}
		{7C5651D6-DB63-4A57-9F44-D982A09FEDE5} = {5C150DB7-CEE7-4A5C-9CA7-B1BC92110CBB}
		{3A4B9C26-F79B-400E-B068-BAD219D12080} = {5C150DB7-CEE7-4A5C-9CA7-B1BC92110CBB}
		{53919192-C720-407B-A5B9-B5E3977F71C4} = {3F92089C-F6A6-4AF0-8323-0230F4E1F780}
		{2751EF42-8D35-422B-9B9B-93C815F4ACFF} = {3F92089C-F6A6-4AF0-8323-0230F4E1F780}
		{A69FDC33-F5DC-4628-911A-7AFAD6F101C1} = {3F92089C-F6A6-4AF0-8323-0230F4E1F780}
	EndGlobalSection
	GlobalSection(ExtensibilityGlobals) = postSolution
		SolutionGuid = {C9E2C22A-64DA-452A-89B0-81153B1A0E9A}
	EndGlobalSection
EndGlobal
