
Microsoft Visual Studio Solution File, Format Version 12.00
# Visual Studio Version 17
VisualStudioVersion = 17.5.002.0
MinimumVisualStudioVersion = 10.0.40219.1
Project("{9A19103F-16F7-4668-BE54-9A1E7A4F7556}") = "MyApp", "MyApp\MyApp.csproj", "{B879AA95-7FAC-4FFE-9385-EA5F14E92C3C}"
EndProject
Project("{9A19103F-16F7-4668-BE54-9A1E7A4F7556}") = "Thi", "ThiGK\Thi.csproj", "{B2B91B33-39FA-402B-B746-29DC7BBA76B0}"
EndProject
Project("{2150E333-8FDC-42A3-9474-1A3956D46DE8}") = "C1", "C1", "{66166C52-85C5-4FC9-9ED1-67CC0FA2EC29}"
EndProject
Project("{9A19103F-16F7-4668-BE54-9A1E7A4F7556}") = "C1B1", "C1\BTCN1\C1B1.csproj", "{7A1325A6-9610-49E0-855E-D80A681CF0E0}"
EndProject
Project("{9A19103F-16F7-4668-BE54-9A1E7A4F7556}") = "C1B2", "C1\BTCN2\C1B2.csproj", "{23963AE4-4D47-4FEE-865D-A7E8E5EEA749}"
EndProject
Project("{9A19103F-16F7-4668-BE54-9A1E7A4F7556}") = "C1B3", "C1\BTCN3\C1B3.csproj", "{B95A3BA4-9A5D-4C2D-804F-9F40C09B82BE}"
EndProject
Project("{9A19103F-16F7-4668-BE54-9A1E7A4F7556}") = "C1B4", "C1\BTCN4\C1B4.csproj", "{64181884-2662-4DD3-A3E1-2002ACC88B01}"
EndProject
Project("{9A19103F-16F7-4668-BE54-9A1E7A4F7556}") = "BTLop1", "C1\BTLop1\BTLop1.csproj", "{CA8A996E-8E53-40BE-9009-495639A9A51E}"
EndProject
Project("{9A19103F-16F7-4668-BE54-9A1E7A4F7556}") = "BTLop2", "C1\BTLop2\BTLop2.csproj", "{2A303107-25F7-47C1-B88D-1C3364D07DCE}"
EndProject
Project("{9A19103F-16F7-4668-BE54-9A1E7A4F7556}") = "BTLop3", "C1\BTLop3\BTLop3.csproj", "{1ADE471D-5A0D-4A2A-86F5-905111FCC037}"
EndProject
Project("{9A19103F-16F7-4668-BE54-9A1E7A4F7556}") = "BTLop4", "C1\BTLop4\BTLop4.csproj", "{FC5277E8-78F2-4243-A9A9-D6A41FB414A6}"
EndProject
Project("{9A19103F-16F7-4668-BE54-9A1E7A4F7556}") = "BTLop5", "C1\BTLop5\BTLop5.csproj", "{B8233B1D-1A57-4075-BB8A-AA5C0DC4B2F0}"
EndProject
Project("{9A19103F-16F7-4668-BE54-9A1E7A4F7556}") = "BTLop6", "C1\BTLop6\BTLop6.csproj", "{4B8ABF3D-5161-4722-8CD9-4DDCA27032F7}"
EndProject
Project("{9A19103F-16F7-4668-BE54-9A1E7A4F7556}") = "timhieu", "C1\BTSlide\timhieu.csproj", "{0F61DCC2-81A1-4565-A5B9-828C3C645B8A}"
EndProject
Project("{2150E333-8FDC-42A3-9474-1A3956D46DE8}") = "C3", "C3", "{A2859E1B-3D63-47FF-88FF-6D7B8615B78E}"
EndProject
Project("{9A19103F-16F7-4668-BE54-9A1E7A4F7556}") = "BTLop1", "C3\BTLop1\BTLop1.csproj", "{B87F3DC6-060E-40BB-B722-FBDA981D5695}"
EndProject
Project("{9A19103F-16F7-4668-BE54-9A1E7A4F7556}") = "KT1", "C3\BTSlide1\KT1.csproj", "{58222F63-4596-4458-82AB-A9032D4EFBE4}"
EndProject
Project("{9A19103F-16F7-4668-BE54-9A1E7A4F7556}") = "BTSlide2", "C3\BTSlide2\BTSlide2.csproj", "{0720627F-DAD0-400F-8F0E-C20F23FC5741}"
EndProject
Project("{9A19103F-16F7-4668-BE54-9A1E7A4F7556}") = "BTSlide3", "C3\BTSlide3\BTSlide3.csproj", "{7D7B7385-0A0C-4CDA-90C7-CFBD18317832}"
EndProject
Project("{9A19103F-16F7-4668-BE54-9A1E7A4F7556}") = "BTSlide4", "C3\BTSlide4\BTSlide4.csproj", "{7CB108CA-9C51-4CF6-A0B4-DF74BDA6BBB6}"
EndProject
Project("{2150E333-8FDC-42A3-9474-1A3956D46DE8}") = "C4", "C4", "{AC30719F-DB4C-44AA-9176-DE778CE37A6B}"
EndProject
Project("{9A19103F-16F7-4668-BE54-9A1E7A4F7556}") = "BTLop2", "C4\BTLop2\BTLop2.csproj", "{66D94502-3565-4833-8575-B7D62FC4A9B3}"
EndProject
Project("{9A19103F-16F7-4668-BE54-9A1E7A4F7556}") = "BTOT1", "C4\BTOT1\BTOT1.csproj", "{A3AF8C8C-62A8-49AB-8DBF-97DED1334662}"
EndProject
Project("{9A19103F-16F7-4668-BE54-9A1E7A4F7556}") = "BTSlide1", "C4\BTSlide1\BTSlide1.csproj", "{A9D831F4-9449-4D1B-9D8B-468D11A4A5FD}"
EndProject
Project("{9A19103F-16F7-4668-BE54-9A1E7A4F7556}") = "BTSlide2", "C4\BTSlide2\BTSlide2.csproj", "{A0C77C67-5AE5-4543-9A04-F4D25425B7D6}"
EndProject
Project("{9A19103F-16F7-4668-BE54-9A1E7A4F7556}") = "BTSlide3", "C4\BTSlide3\BTSlide3.csproj", "{D8E4CA20-BFF0-45FF-9AFF-7341FE23D463}"
EndProject
Project("{9A19103F-16F7-4668-BE54-9A1E7A4F7556}") = "BTSlide4", "C4\BTSlide4\BTSlide4.csproj", "{7DE584A6-68E4-4DEB-80E5-16871520F956}"
EndProject
Project("{9A19103F-16F7-4668-BE54-9A1E7A4F7556}") = "BTSlide5", "C4\BTSlide5\BTSlide5.csproj", "{42124436-6FC7-45F3-9B8A-B8C363AF533D}"
EndProject
Project("{2150E333-8FDC-42A3-9474-1A3956D46DE8}") = "C5", "C5", "{B61FF665-C16F-4DEA-A723-853780EDA459}"
EndProject
Project("{9A19103F-16F7-4668-BE54-9A1E7A4F7556}") = "BTSlide1", "C5\BTSlide1\BTSlide1.csproj", "{EBE798DB-BD8B-4D9C-A609-E2B4B6B52B7C}"
EndProject
Project("{9A19103F-16F7-4668-BE54-9A1E7A4F7556}") = "BTSlide2", "C5\BTSlide2\BTSlide2.csproj", "{A14B7AAE-47F7-450F-A28B-BA788A13F76A}"
EndProject
Project("{2150E333-8FDC-42A3-9474-1A3956D46DE8}") = "OTGK", "OTGK", "{35ECA3B3-AB7F-4D81-9B63-F244D9819127}"
EndProject
Project("{9A19103F-16F7-4668-BE54-9A1E7A4F7556}") = "OTGK1", "OTGK\OTGK_1\OTGK1.csproj", "{C69D7213-AEBE-4692-8253-954105F1A3A2}"
EndProject
Project("{9A19103F-16F7-4668-BE54-9A1E7A4F7556}") = "OTGK_2", "OTGK\OTGK_2\OTGK_2.csproj", "{17B1494E-E9B2-4CCF-9457-5F5A21D9A962}"
EndProject
Project("{9A19103F-16F7-4668-BE54-9A1E7A4F7556}") = "OTGK_3", "OTGK\OTGK_3\OTGK_3.csproj", "{6DF6A466-2E3E-419D-8CC3-8A8E28B9293E}"
EndProject
Global
	GlobalSection(SolutionConfigurationPlatforms) = preSolution
		Debug|Any CPU = Debug|Any CPU
		Release|Any CPU = Release|Any CPU
	EndGlobalSection
	GlobalSection(ProjectConfigurationPlatforms) = postSolution
		{B879AA95-7FAC-4FFE-9385-EA5F14E92C3C}.Debug|Any CPU.ActiveCfg = Debug|Any CPU
		{B879AA95-7FAC-4FFE-9385-EA5F14E92C3C}.Debug|Any CPU.Build.0 = Debug|Any CPU
		{B879AA95-7FAC-4FFE-9385-EA5F14E92C3C}.Release|Any CPU.ActiveCfg = Release|Any CPU
		{B879AA95-7FAC-4FFE-9385-EA5F14E92C3C}.Release|Any CPU.Build.0 = Release|Any CPU
		{B2B91B33-39FA-402B-B746-29DC7BBA76B0}.Debug|Any CPU.ActiveCfg = Debug|Any CPU
		{B2B91B33-39FA-402B-B746-29DC7BBA76B0}.Debug|Any CPU.Build.0 = Debug|Any CPU
		{B2B91B33-39FA-402B-B746-29DC7BBA76B0}.Release|Any CPU.ActiveCfg = Release|Any CPU
		{B2B91B33-39FA-402B-B746-29DC7BBA76B0}.Release|Any CPU.Build.0 = Release|Any CPU
		{7A1325A6-9610-49E0-855E-D80A681CF0E0}.Debug|Any CPU.ActiveCfg = Debug|Any CPU
		{7A1325A6-9610-49E0-855E-D80A681CF0E0}.Debug|Any CPU.Build.0 = Debug|Any CPU
		{7A1325A6-9610-49E0-855E-D80A681CF0E0}.Release|Any CPU.ActiveCfg = Release|Any CPU
		{7A1325A6-9610-49E0-855E-D80A681CF0E0}.Release|Any CPU.Build.0 = Release|Any CPU
		{23963AE4-4D47-4FEE-865D-A7E8E5EEA749}.Debug|Any CPU.ActiveCfg = Debug|Any CPU
		{23963AE4-4D47-4FEE-865D-A7E8E5EEA749}.Debug|Any CPU.Build.0 = Debug|Any CPU
		{23963AE4-4D47-4FEE-865D-A7E8E5EEA749}.Release|Any CPU.ActiveCfg = Release|Any CPU
		{23963AE4-4D47-4FEE-865D-A7E8E5EEA749}.Release|Any CPU.Build.0 = Release|Any CPU
		{B95A3BA4-9A5D-4C2D-804F-9F40C09B82BE}.Debug|Any CPU.ActiveCfg = Debug|Any CPU
		{B95A3BA4-9A5D-4C2D-804F-9F40C09B82BE}.Debug|Any CPU.Build.0 = Debug|Any CPU
		{B95A3BA4-9A5D-4C2D-804F-9F40C09B82BE}.Release|Any CPU.ActiveCfg = Release|Any CPU
		{B95A3BA4-9A5D-4C2D-804F-9F40C09B82BE}.Release|Any CPU.Build.0 = Release|Any CPU
		{64181884-2662-4DD3-A3E1-2002ACC88B01}.Debug|Any CPU.ActiveCfg = Debug|Any CPU
		{64181884-2662-4DD3-A3E1-2002ACC88B01}.Debug|Any CPU.Build.0 = Debug|Any CPU
		{64181884-2662-4DD3-A3E1-2002ACC88B01}.Release|Any CPU.ActiveCfg = Release|Any CPU
		{64181884-2662-4DD3-A3E1-2002ACC88B01}.Release|Any CPU.Build.0 = Release|Any CPU
		{CA8A996E-8E53-40BE-9009-495639A9A51E}.Debug|Any CPU.ActiveCfg = Debug|Any CPU
		{CA8A996E-8E53-40BE-9009-495639A9A51E}.Debug|Any CPU.Build.0 = Debug|Any CPU
		{CA8A996E-8E53-40BE-9009-495639A9A51E}.Release|Any CPU.ActiveCfg = Release|Any CPU
		{CA8A996E-8E53-40BE-9009-495639A9A51E}.Release|Any CPU.Build.0 = Release|Any CPU
		{2A303107-25F7-47C1-B88D-1C3364D07DCE}.Debug|Any CPU.ActiveCfg = Debug|Any CPU
		{2A303107-25F7-47C1-B88D-1C3364D07DCE}.Debug|Any CPU.Build.0 = Debug|Any CPU
		{2A303107-25F7-47C1-B88D-1C3364D07DCE}.Release|Any CPU.ActiveCfg = Release|Any CPU
		{2A303107-25F7-47C1-B88D-1C3364D07DCE}.Release|Any CPU.Build.0 = Release|Any CPU
		{1ADE471D-5A0D-4A2A-86F5-905111FCC037}.Debug|Any CPU.ActiveCfg = Debug|Any CPU
		{1ADE471D-5A0D-4A2A-86F5-905111FCC037}.Debug|Any CPU.Build.0 = Debug|Any CPU
		{1ADE471D-5A0D-4A2A-86F5-905111FCC037}.Release|Any CPU.ActiveCfg = Release|Any CPU
		{1ADE471D-5A0D-4A2A-86F5-905111FCC037}.Release|Any CPU.Build.0 = Release|Any CPU
		{FC5277E8-78F2-4243-A9A9-D6A41FB414A6}.Debug|Any CPU.ActiveCfg = Debug|Any CPU
		{FC5277E8-78F2-4243-A9A9-D6A41FB414A6}.Debug|Any CPU.Build.0 = Debug|Any CPU
		{FC5277E8-78F2-4243-A9A9-D6A41FB414A6}.Release|Any CPU.ActiveCfg = Release|Any CPU
		{FC5277E8-78F2-4243-A9A9-D6A41FB414A6}.Release|Any CPU.Build.0 = Release|Any CPU
		{B8233B1D-1A57-4075-BB8A-AA5C0DC4B2F0}.Debug|Any CPU.ActiveCfg = Debug|Any CPU
		{B8233B1D-1A57-4075-BB8A-AA5C0DC4B2F0}.Debug|Any CPU.Build.0 = Debug|Any CPU
		{B8233B1D-1A57-4075-BB8A-AA5C0DC4B2F0}.Release|Any CPU.ActiveCfg = Release|Any CPU
		{B8233B1D-1A57-4075-BB8A-AA5C0DC4B2F0}.Release|Any CPU.Build.0 = Release|Any CPU
		{4B8ABF3D-5161-4722-8CD9-4DDCA27032F7}.Debug|Any CPU.ActiveCfg = Debug|Any CPU
		{4B8ABF3D-5161-4722-8CD9-4DDCA27032F7}.Debug|Any CPU.Build.0 = Debug|Any CPU
		{4B8ABF3D-5161-4722-8CD9-4DDCA27032F7}.Release|Any CPU.ActiveCfg = Release|Any CPU
		{4B8ABF3D-5161-4722-8CD9-4DDCA27032F7}.Release|Any CPU.Build.0 = Release|Any CPU
		{0F61DCC2-81A1-4565-A5B9-828C3C645B8A}.Debug|Any CPU.ActiveCfg = Debug|Any CPU
		{0F61DCC2-81A1-4565-A5B9-828C3C645B8A}.Debug|Any CPU.Build.0 = Debug|Any CPU
		{0F61DCC2-81A1-4565-A5B9-828C3C645B8A}.Release|Any CPU.ActiveCfg = Release|Any CPU
		{0F61DCC2-81A1-4565-A5B9-828C3C645B8A}.Release|Any CPU.Build.0 = Release|Any CPU
		{B87F3DC6-060E-40BB-B722-FBDA981D5695}.Debug|Any CPU.ActiveCfg = Debug|Any CPU
		{B87F3DC6-060E-40BB-B722-FBDA981D5695}.Debug|Any CPU.Build.0 = Debug|Any CPU
		{B87F3DC6-060E-40BB-B722-FBDA981D5695}.Release|Any CPU.ActiveCfg = Release|Any CPU
		{B87F3DC6-060E-40BB-B722-FBDA981D5695}.Release|Any CPU.Build.0 = Release|Any CPU
		{58222F63-4596-4458-82AB-A9032D4EFBE4}.Debug|Any CPU.ActiveCfg = Debug|Any CPU
		{58222F63-4596-4458-82AB-A9032D4EFBE4}.Debug|Any CPU.Build.0 = Debug|Any CPU
		{58222F63-4596-4458-82AB-A9032D4EFBE4}.Release|Any CPU.ActiveCfg = Release|Any CPU
		{58222F63-4596-4458-82AB-A9032D4EFBE4}.Release|Any CPU.Build.0 = Release|Any CPU
		{0720627F-DAD0-400F-8F0E-C20F23FC5741}.Debug|Any CPU.ActiveCfg = Debug|Any CPU
		{0720627F-DAD0-400F-8F0E-C20F23FC5741}.Debug|Any CPU.Build.0 = Debug|Any CPU
		{0720627F-DAD0-400F-8F0E-C20F23FC5741}.Release|Any CPU.ActiveCfg = Release|Any CPU
		{0720627F-DAD0-400F-8F0E-C20F23FC5741}.Release|Any CPU.Build.0 = Release|Any CPU
		{7D7B7385-0A0C-4CDA-90C7-CFBD18317832}.Debug|Any CPU.ActiveCfg = Debug|Any CPU
		{7D7B7385-0A0C-4CDA-90C7-CFBD18317832}.Debug|Any CPU.Build.0 = Debug|Any CPU
		{7D7B7385-0A0C-4CDA-90C7-CFBD18317832}.Release|Any CPU.ActiveCfg = Release|Any CPU
		{7D7B7385-0A0C-4CDA-90C7-CFBD18317832}.Release|Any CPU.Build.0 = Release|Any CPU
		{7CB108CA-9C51-4CF6-A0B4-DF74BDA6BBB6}.Debug|Any CPU.ActiveCfg = Debug|Any CPU
		{7CB108CA-9C51-4CF6-A0B4-DF74BDA6BBB6}.Debug|Any CPU.Build.0 = Debug|Any CPU
		{7CB108CA-9C51-4CF6-A0B4-DF74BDA6BBB6}.Release|Any CPU.ActiveCfg = Release|Any CPU
		{7CB108CA-9C51-4CF6-A0B4-DF74BDA6BBB6}.Release|Any CPU.Build.0 = Release|Any CPU
		{66D94502-3565-4833-8575-B7D62FC4A9B3}.Debug|Any CPU.ActiveCfg = Debug|Any CPU
		{66D94502-3565-4833-8575-B7D62FC4A9B3}.Debug|Any CPU.Build.0 = Debug|Any CPU
		{66D94502-3565-4833-8575-B7D62FC4A9B3}.Release|Any CPU.ActiveCfg = Release|Any CPU
		{66D94502-3565-4833-8575-B7D62FC4A9B3}.Release|Any CPU.Build.0 = Release|Any CPU
		{A3AF8C8C-62A8-49AB-8DBF-97DED1334662}.Debug|Any CPU.ActiveCfg = Debug|Any CPU
		{A3AF8C8C-62A8-49AB-8DBF-97DED1334662}.Debug|Any CPU.Build.0 = Debug|Any CPU
		{A3AF8C8C-62A8-49AB-8DBF-97DED1334662}.Release|Any CPU.ActiveCfg = Release|Any CPU
		{A3AF8C8C-62A8-49AB-8DBF-97DED1334662}.Release|Any CPU.Build.0 = Release|Any CPU
		{A9D831F4-9449-4D1B-9D8B-468D11A4A5FD}.Debug|Any CPU.ActiveCfg = Debug|Any CPU
		{A9D831F4-9449-4D1B-9D8B-468D11A4A5FD}.Debug|Any CPU.Build.0 = Debug|Any CPU
		{A9D831F4-9449-4D1B-9D8B-468D11A4A5FD}.Release|Any CPU.ActiveCfg = Release|Any CPU
		{A9D831F4-9449-4D1B-9D8B-468D11A4A5FD}.Release|Any CPU.Build.0 = Release|Any CPU
		{A0C77C67-5AE5-4543-9A04-F4D25425B7D6}.Debug|Any CPU.ActiveCfg = Debug|Any CPU
		{A0C77C67-5AE5-4543-9A04-F4D25425B7D6}.Debug|Any CPU.Build.0 = Debug|Any CPU
		{A0C77C67-5AE5-4543-9A04-F4D25425B7D6}.Release|Any CPU.ActiveCfg = Release|Any CPU
		{A0C77C67-5AE5-4543-9A04-F4D25425B7D6}.Release|Any CPU.Build.0 = Release|Any CPU
		{D8E4CA20-BFF0-45FF-9AFF-7341FE23D463}.Debug|Any CPU.ActiveCfg = Debug|Any CPU
		{D8E4CA20-BFF0-45FF-9AFF-7341FE23D463}.Debug|Any CPU.Build.0 = Debug|Any CPU
		{D8E4CA20-BFF0-45FF-9AFF-7341FE23D463}.Release|Any CPU.ActiveCfg = Release|Any CPU
		{D8E4CA20-BFF0-45FF-9AFF-7341FE23D463}.Release|Any CPU.Build.0 = Release|Any CPU
		{7DE584A6-68E4-4DEB-80E5-16871520F956}.Debug|Any CPU.ActiveCfg = Debug|Any CPU
		{7DE584A6-68E4-4DEB-80E5-16871520F956}.Debug|Any CPU.Build.0 = Debug|Any CPU
		{7DE584A6-68E4-4DEB-80E5-16871520F956}.Release|Any CPU.ActiveCfg = Release|Any CPU
		{7DE584A6-68E4-4DEB-80E5-16871520F956}.Release|Any CPU.Build.0 = Release|Any CPU
		{42124436-6FC7-45F3-9B8A-B8C363AF533D}.Debug|Any CPU.ActiveCfg = Debug|Any CPU
		{42124436-6FC7-45F3-9B8A-B8C363AF533D}.Debug|Any CPU.Build.0 = Debug|Any CPU
		{42124436-6FC7-45F3-9B8A-B8C363AF533D}.Release|Any CPU.ActiveCfg = Release|Any CPU
		{42124436-6FC7-45F3-9B8A-B8C363AF533D}.Release|Any CPU.Build.0 = Release|Any CPU
		{EBE798DB-BD8B-4D9C-A609-E2B4B6B52B7C}.Debug|Any CPU.ActiveCfg = Debug|Any CPU
		{EBE798DB-BD8B-4D9C-A609-E2B4B6B52B7C}.Debug|Any CPU.Build.0 = Debug|Any CPU
		{EBE798DB-BD8B-4D9C-A609-E2B4B6B52B7C}.Release|Any CPU.ActiveCfg = Release|Any CPU
		{EBE798DB-BD8B-4D9C-A609-E2B4B6B52B7C}.Release|Any CPU.Build.0 = Release|Any CPU
		{A14B7AAE-47F7-450F-A28B-BA788A13F76A}.Debug|Any CPU.ActiveCfg = Debug|Any CPU
		{A14B7AAE-47F7-450F-A28B-BA788A13F76A}.Debug|Any CPU.Build.0 = Debug|Any CPU
		{A14B7AAE-47F7-450F-A28B-BA788A13F76A}.Release|Any CPU.ActiveCfg = Release|Any CPU
		{A14B7AAE-47F7-450F-A28B-BA788A13F76A}.Release|Any CPU.Build.0 = Release|Any CPU
		{702308FE-059F-448E-A429-339E26CC3547}.Debug|Any CPU.ActiveCfg = Debug|Any CPU
		{702308FE-059F-448E-A429-339E26CC3547}.Debug|Any CPU.Build.0 = Debug|Any CPU
		{702308FE-059F-448E-A429-339E26CC3547}.Release|Any CPU.ActiveCfg = Release|Any CPU
		{702308FE-059F-448E-A429-339E26CC3547}.Release|Any CPU.Build.0 = Release|Any CPU
		{C69D7213-AEBE-4692-8253-954105F1A3A2}.Debug|Any CPU.ActiveCfg = Debug|Any CPU
		{C69D7213-AEBE-4692-8253-954105F1A3A2}.Debug|Any CPU.Build.0 = Debug|Any CPU
		{C69D7213-AEBE-4692-8253-954105F1A3A2}.Release|Any CPU.ActiveCfg = Release|Any CPU
		{C69D7213-AEBE-4692-8253-954105F1A3A2}.Release|Any CPU.Build.0 = Release|Any CPU
		{17B1494E-E9B2-4CCF-9457-5F5A21D9A962}.Debug|Any CPU.ActiveCfg = Debug|Any CPU
		{17B1494E-E9B2-4CCF-9457-5F5A21D9A962}.Debug|Any CPU.Build.0 = Debug|Any CPU
		{17B1494E-E9B2-4CCF-9457-5F5A21D9A962}.Release|Any CPU.ActiveCfg = Release|Any CPU
		{17B1494E-E9B2-4CCF-9457-5F5A21D9A962}.Release|Any CPU.Build.0 = Release|Any CPU
		{6DF6A466-2E3E-419D-8CC3-8A8E28B9293E}.Debug|Any CPU.ActiveCfg = Debug|Any CPU
		{6DF6A466-2E3E-419D-8CC3-8A8E28B9293E}.Debug|Any CPU.Build.0 = Debug|Any CPU
		{6DF6A466-2E3E-419D-8CC3-8A8E28B9293E}.Release|Any CPU.ActiveCfg = Release|Any CPU
		{6DF6A466-2E3E-419D-8CC3-8A8E28B9293E}.Release|Any CPU.Build.0 = Release|Any CPU
	EndGlobalSection
	GlobalSection(SolutionProperties) = preSolution
		HideSolutionNode = FALSE
	EndGlobalSection
	GlobalSection(NestedProjects) = preSolution
		{7A1325A6-9610-49E0-855E-D80A681CF0E0} = {66166C52-85C5-4FC9-9ED1-67CC0FA2EC29}
		{23963AE4-4D47-4FEE-865D-A7E8E5EEA749} = {66166C52-85C5-4FC9-9ED1-67CC0FA2EC29}
		{B95A3BA4-9A5D-4C2D-804F-9F40C09B82BE} = {66166C52-85C5-4FC9-9ED1-67CC0FA2EC29}
		{64181884-2662-4DD3-A3E1-2002ACC88B01} = {66166C52-85C5-4FC9-9ED1-67CC0FA2EC29}
		{CA8A996E-8E53-40BE-9009-495639A9A51E} = {66166C52-85C5-4FC9-9ED1-67CC0FA2EC29}
		{2A303107-25F7-47C1-B88D-1C3364D07DCE} = {66166C52-85C5-4FC9-9ED1-67CC0FA2EC29}
		{1ADE471D-5A0D-4A2A-86F5-905111FCC037} = {66166C52-85C5-4FC9-9ED1-67CC0FA2EC29}
		{FC5277E8-78F2-4243-A9A9-D6A41FB414A6} = {66166C52-85C5-4FC9-9ED1-67CC0FA2EC29}
		{B8233B1D-1A57-4075-BB8A-AA5C0DC4B2F0} = {66166C52-85C5-4FC9-9ED1-67CC0FA2EC29}
		{4B8ABF3D-5161-4722-8CD9-4DDCA27032F7} = {66166C52-85C5-4FC9-9ED1-67CC0FA2EC29}
		{0F61DCC2-81A1-4565-A5B9-828C3C645B8A} = {66166C52-85C5-4FC9-9ED1-67CC0FA2EC29}
		{B87F3DC6-060E-40BB-B722-FBDA981D5695} = {A2859E1B-3D63-47FF-88FF-6D7B8615B78E}
		{58222F63-4596-4458-82AB-A9032D4EFBE4} = {A2859E1B-3D63-47FF-88FF-6D7B8615B78E}
		{0720627F-DAD0-400F-8F0E-C20F23FC5741} = {A2859E1B-3D63-47FF-88FF-6D7B8615B78E}
		{7D7B7385-0A0C-4CDA-90C7-CFBD18317832} = {A2859E1B-3D63-47FF-88FF-6D7B8615B78E}
		{7CB108CA-9C51-4CF6-A0B4-DF74BDA6BBB6} = {A2859E1B-3D63-47FF-88FF-6D7B8615B78E}
		{66D94502-3565-4833-8575-B7D62FC4A9B3} = {AC30719F-DB4C-44AA-9176-DE778CE37A6B}
		{A3AF8C8C-62A8-49AB-8DBF-97DED1334662} = {AC30719F-DB4C-44AA-9176-DE778CE37A6B}
		{A9D831F4-9449-4D1B-9D8B-468D11A4A5FD} = {AC30719F-DB4C-44AA-9176-DE778CE37A6B}
		{A0C77C67-5AE5-4543-9A04-F4D25425B7D6} = {AC30719F-DB4C-44AA-9176-DE778CE37A6B}
		{D8E4CA20-BFF0-45FF-9AFF-7341FE23D463} = {AC30719F-DB4C-44AA-9176-DE778CE37A6B}
		{7DE584A6-68E4-4DEB-80E5-16871520F956} = {AC30719F-DB4C-44AA-9176-DE778CE37A6B}
		{42124436-6FC7-45F3-9B8A-B8C363AF533D} = {AC30719F-DB4C-44AA-9176-DE778CE37A6B}
		{EBE798DB-BD8B-4D9C-A609-E2B4B6B52B7C} = {B61FF665-C16F-4DEA-A723-853780EDA459}
		{A14B7AAE-47F7-450F-A28B-BA788A13F76A} = {B61FF665-C16F-4DEA-A723-853780EDA459}
		{702308FE-059F-448E-A429-339E26CC3547} = {B61FF665-C16F-4DEA-A723-853780EDA459}
		{C69D7213-AEBE-4692-8253-954105F1A3A2} = {35ECA3B3-AB7F-4D81-9B63-F244D9819127}
		{17B1494E-E9B2-4CCF-9457-5F5A21D9A962} = {35ECA3B3-AB7F-4D81-9B63-F244D9819127}
		{6DF6A466-2E3E-419D-8CC3-8A8E28B9293E} = {35ECA3B3-AB7F-4D81-9B63-F244D9819127}
	EndGlobalSection
	GlobalSection(ExtensibilityGlobals) = postSolution
		SolutionGuid = {BA1E1D82-4446-4A09-ADA9-C9B30F0215AF}
	EndGlobalSection
EndGlobal
